// !$*UTF8*$!
{
	archiveVersion = 1;
	classes = {
	};
	objectVersion = 55;
	objects = {

/* Begin PBXBuildFile section */
		7A180E17282C5E4D00E90E51 /* AppDelegate.swift in Sources */ = {isa = PBXBuildFile; fileRef = 7A180E16282C5E4D00E90E51 /* AppDelegate.swift */; };
		7A180E19282C5E4D00E90E51 /* SceneDelegate.swift in Sources */ = {isa = PBXBuildFile; fileRef = 7A180E18282C5E4D00E90E51 /* SceneDelegate.swift */; };
		7A180E1B282C5E4D00E90E51 /* ViewController.swift in Sources */ = {isa = PBXBuildFile; fileRef = 7A180E1A282C5E4D00E90E51 /* ViewController.swift */; };
		7A180E1E282C5E4D00E90E51 /* Main.storyboard in Resources */ = {isa = PBXBuildFile; fileRef = 7A180E1C282C5E4D00E90E51 /* Main.storyboard */; };
		7A180E20282C5E5000E90E51 /* Assets.xcassets in Resources */ = {isa = PBXBuildFile; fileRef = 7A180E1F282C5E5000E90E51 /* Assets.xcassets */; };
		7A180E23282C5E5000E90E51 /* LaunchScreen.storyboard in Resources */ = {isa = PBXBuildFile; fileRef = 7A180E21282C5E5000E90E51 /* LaunchScreen.storyboard */; };
		7A180E2E282C5E5100E90E51 /* WhatToWearV2Tests.swift in Sources */ = {isa = PBXBuildFile; fileRef = 7A180E2D282C5E5100E90E51 /* WhatToWearV2Tests.swift */; };
		7A180E38282C5E5100E90E51 /* WhatToWearV2UITests.swift in Sources */ = {isa = PBXBuildFile; fileRef = 7A180E37282C5E5100E90E51 /* WhatToWearV2UITests.swift */; };
		7A180E3A282C5E5100E90E51 /* WhatToWearV2UITestsLaunchTests.swift in Sources */ = {isa = PBXBuildFile; fileRef = 7A180E39282C5E5100E90E51 /* WhatToWearV2UITestsLaunchTests.swift */; };
		7A180E47282C5F2600E90E51 /* weatherfeature.swift in Sources */ = {isa = PBXBuildFile; fileRef = 7A180E46282C5F2600E90E51 /* weatherfeature.swift */; };
		7A180E52282C626C00E90E51 /* Clothes.swift in Sources */ = {isa = PBXBuildFile; fileRef = 7A180E51282C626C00E90E51 /* Clothes.swift */; };
		7A180E54282C650D00E90E51 /* SunCollectionViewController.swift in Sources */ = {isa = PBXBuildFile; fileRef = 7A180E53282C650D00E90E51 /* SunCollectionViewController.swift */; };
		7A180E56282C652200E90E51 /* RainCollectionViewController.swift in Sources */ = {isa = PBXBuildFile; fileRef = 7A180E55282C652200E90E51 /* RainCollectionViewController.swift */; };
		7A180E58282C653200E90E51 /* WindCollectionViewController.swift in Sources */ = {isa = PBXBuildFile; fileRef = 7A180E57282C653200E90E51 /* WindCollectionViewController.swift */; };
		7A180E5A282C654100E90E51 /* CloudCollectionViewController.swift in Sources */ = {isa = PBXBuildFile; fileRef = 7A180E59282C654100E90E51 /* CloudCollectionViewController.swift */; };
		7A180E5C282CE8FD00E90E51 /* SunCollectionViewCell.swift in Sources */ = {isa = PBXBuildFile; fileRef = 7A180E5B282CE8FD00E90E51 /* SunCollectionViewCell.swift */; };
		7A85EE4D282D031100366EF7 /* WindCollectionViewCell.swift in Sources */ = {isa = PBXBuildFile; fileRef = 7A85EE4C282D031100366EF7 /* WindCollectionViewCell.swift */; };
		7A85EE4F282D031F00366EF7 /* RainCollectionViewCell.swift in Sources */ = {isa = PBXBuildFile; fileRef = 7A85EE4E282D031F00366EF7 /* RainCollectionViewCell.swift */; };
		7A85EE51282D033600366EF7 /* CloudCollectionViewCell.swift in Sources */ = {isa = PBXBuildFile; fileRef = 7A85EE50282D033600366EF7 /* CloudCollectionViewCell.swift */; };
/* End PBXBuildFile section */

/* Begin PBXContainerItemProxy section */
		7A180E2A282C5E5100E90E51 /* PBXContainerItemProxy */ = {
			isa = PBXContainerItemProxy;
			containerPortal = 7A180E0B282C5E4D00E90E51 /* Project object */;
			proxyType = 1;
			remoteGlobalIDString = 7A180E12282C5E4D00E90E51;
			remoteInfo = WhatToWearV2;
		};
		7A180E34282C5E5100E90E51 /* PBXContainerItemProxy */ = {
			isa = PBXContainerItemProxy;
			containerPortal = 7A180E0B282C5E4D00E90E51 /* Project object */;
			proxyType = 1;
			remoteGlobalIDString = 7A180E12282C5E4D00E90E51;
			remoteInfo = WhatToWearV2;
		};
/* End PBXContainerItemProxy section */

/* Begin PBXFileReference section */
		7A180E13282C5E4D00E90E51 /* WhatToWearV2.app */ = {isa = PBXFileReference; explicitFileType = wrapper.application; includeInIndex = 0; path = WhatToWearV2.app; sourceTree = BUILT_PRODUCTS_DIR; };
		7A180E16282C5E4D00E90E51 /* AppDelegate.swift */ = {isa = PBXFileReference; lastKnownFileType = sourcecode.swift; path = AppDelegate.swift; sourceTree = "<group>"; };
		7A180E18282C5E4D00E90E51 /* SceneDelegate.swift */ = {isa = PBXFileReference; lastKnownFileType = sourcecode.swift; path = SceneDelegate.swift; sourceTree = "<group>"; };
		7A180E1A282C5E4D00E90E51 /* ViewController.swift */ = {isa = PBXFileReference; lastKnownFileType = sourcecode.swift; path = ViewController.swift; sourceTree = "<group>"; };
		7A180E1D282C5E4D00E90E51 /* Base */ = {isa = PBXFileReference; lastKnownFileType = file.storyboard; name = Base; path = Base.lproj/Main.storyboard; sourceTree = "<group>"; };
		7A180E1F282C5E5000E90E51 /* Assets.xcassets */ = {isa = PBXFileReference; lastKnownFileType = folder.assetcatalog; path = Assets.xcassets; sourceTree = "<group>"; };
		7A180E22282C5E5000E90E51 /* Base */ = {isa = PBXFileReference; lastKnownFileType = file.storyboard; name = Base; path = Base.lproj/LaunchScreen.storyboard; sourceTree = "<group>"; };
		7A180E24282C5E5000E90E51 /* Info.plist */ = {isa = PBXFileReference; lastKnownFileType = text.plist.xml; path = Info.plist; sourceTree = "<group>"; };
		7A180E29282C5E5100E90E51 /* WhatToWearV2Tests.xctest */ = {isa = PBXFileReference; explicitFileType = wrapper.cfbundle; includeInIndex = 0; path = WhatToWearV2Tests.xctest; sourceTree = BUILT_PRODUCTS_DIR; };
		7A180E2D282C5E5100E90E51 /* WhatToWearV2Tests.swift */ = {isa = PBXFileReference; lastKnownFileType = sourcecode.swift; path = WhatToWearV2Tests.swift; sourceTree = "<group>"; };
		7A180E33282C5E5100E90E51 /* WhatToWearV2UITests.xctest */ = {isa = PBXFileReference; explicitFileType = wrapper.cfbundle; includeInIndex = 0; path = WhatToWearV2UITests.xctest; sourceTree = BUILT_PRODUCTS_DIR; };
		7A180E37282C5E5100E90E51 /* WhatToWearV2UITests.swift */ = {isa = PBXFileReference; lastKnownFileType = sourcecode.swift; path = WhatToWearV2UITests.swift; sourceTree = "<group>"; };
		7A180E39282C5E5100E90E51 /* WhatToWearV2UITestsLaunchTests.swift */ = {isa = PBXFileReference; lastKnownFileType = sourcecode.swift; path = WhatToWearV2UITestsLaunchTests.swift; sourceTree = "<group>"; };
		7A180E46282C5F2600E90E51 /* weatherfeature.swift */ = {isa = PBXFileReference; lastKnownFileType = sourcecode.swift; path = weatherfeature.swift; sourceTree = "<group>"; };
		7A180E51282C626C00E90E51 /* Clothes.swift */ = {isa = PBXFileReference; lastKnownFileType = sourcecode.swift; path = Clothes.swift; sourceTree = "<group>"; };
		7A180E53282C650D00E90E51 /* SunCollectionViewController.swift */ = {isa = PBXFileReference; lastKnownFileType = sourcecode.swift; path = SunCollectionViewController.swift; sourceTree = "<group>"; };
		7A180E55282C652200E90E51 /* RainCollectionViewController.swift */ = {isa = PBXFileReference; lastKnownFileType = sourcecode.swift; path = RainCollectionViewController.swift; sourceTree = "<group>"; };
		7A180E57282C653200E90E51 /* WindCollectionViewController.swift */ = {isa = PBXFileReference; lastKnownFileType = sourcecode.swift; path = WindCollectionViewController.swift; sourceTree = "<group>"; };
		7A180E59282C654100E90E51 /* CloudCollectionViewController.swift */ = {isa = PBXFileReference; lastKnownFileType = sourcecode.swift; path = CloudCollectionViewController.swift; sourceTree = "<group>"; };
		7A180E5B282CE8FD00E90E51 /* SunCollectionViewCell.swift */ = {isa = PBXFileReference; lastKnownFileType = sourcecode.swift; path = SunCollectionViewCell.swift; sourceTree = "<group>"; };
		7A85EE4C282D031100366EF7 /* WindCollectionViewCell.swift */ = {isa = PBXFileReference; lastKnownFileType = sourcecode.swift; path = WindCollectionViewCell.swift; sourceTree = "<group>"; };
		7A85EE4E282D031F00366EF7 /* RainCollectionViewCell.swift */ = {isa = PBXFileReference; lastKnownFileType = sourcecode.swift; path = RainCollectionViewCell.swift; sourceTree = "<group>"; };
		7A85EE50282D033600366EF7 /* CloudCollectionViewCell.swift */ = {isa = PBXFileReference; lastKnownFileType = sourcecode.swift; path = CloudCollectionViewCell.swift; sourceTree = "<group>"; };
/* End PBXFileReference section */

/* Begin PBXFrameworksBuildPhase section */
		7A180E10282C5E4D00E90E51 /* Frameworks */ = {
			isa = PBXFrameworksBuildPhase;
			buildActionMask = 2147483647;
			files = (
			);
			runOnlyForDeploymentPostprocessing = 0;
		};
		7A180E26282C5E5100E90E51 /* Frameworks */ = {
			isa = PBXFrameworksBuildPhase;
			buildActionMask = 2147483647;
			files = (
			);
			runOnlyForDeploymentPostprocessing = 0;
		};
		7A180E30282C5E5100E90E51 /* Frameworks */ = {
			isa = PBXFrameworksBuildPhase;
			buildActionMask = 2147483647;
			files = (
			);
			runOnlyForDeploymentPostprocessing = 0;
		};
/* End PBXFrameworksBuildPhase section */

/* Begin PBXGroup section */
		7A180E0A282C5E4D00E90E51 = {
			isa = PBXGroup;
			children = (
				7A180E15282C5E4D00E90E51 /* WhatToWearV2 */,
				7A180E2C282C5E5100E90E51 /* WhatToWearV2Tests */,
				7A180E36282C5E5100E90E51 /* WhatToWearV2UITests */,
				7A180E14282C5E4D00E90E51 /* Products */,
			);
			sourceTree = "<group>";
		};
		7A180E14282C5E4D00E90E51 /* Products */ = {
			isa = PBXGroup;
			children = (
				7A180E13282C5E4D00E90E51 /* WhatToWearV2.app */,
				7A180E29282C5E5100E90E51 /* WhatToWearV2Tests.xctest */,
				7A180E33282C5E5100E90E51 /* WhatToWearV2UITests.xctest */,
			);
			name = Products;
			sourceTree = "<group>";
		};
		7A180E15282C5E4D00E90E51 /* WhatToWearV2 */ = {
			isa = PBXGroup;
			children = (
				7A180E16282C5E4D00E90E51 /* AppDelegate.swift */,
				7A180E18282C5E4D00E90E51 /* SceneDelegate.swift */,
				7A180E1A282C5E4D00E90E51 /* ViewController.swift */,
				7A180E46282C5F2600E90E51 /* weatherfeature.swift */,
				7A180E1C282C5E4D00E90E51 /* Main.storyboard */,
				7A180E1F282C5E5000E90E51 /* Assets.xcassets */,
				7A180E51282C626C00E90E51 /* Clothes.swift */,
				7A180E21282C5E5000E90E51 /* LaunchScreen.storyboard */,
				7A180E24282C5E5000E90E51 /* Info.plist */,
				7A180E53282C650D00E90E51 /* SunCollectionViewController.swift */,
				7A180E5B282CE8FD00E90E51 /* SunCollectionViewCell.swift */,
				7A180E57282C653200E90E51 /* WindCollectionViewController.swift */,
				7A85EE4C282D031100366EF7 /* WindCollectionViewCell.swift */,
				7A180E55282C652200E90E51 /* RainCollectionViewController.swift */,
				7A85EE4E282D031F00366EF7 /* RainCollectionViewCell.swift */,
				7A180E59282C654100E90E51 /* CloudCollectionViewController.swift */,
				7A85EE50282D033600366EF7 /* CloudCollectionViewCell.swift */,
			);
			path = WhatToWearV2;
			sourceTree = "<group>";
		};
		7A180E2C282C5E5100E90E51 /* WhatToWearV2Tests */ = {
			isa = PBXGroup;
			children = (
				7A180E2D282C5E5100E90E51 /* WhatToWearV2Tests.swift */,
			);
			path = WhatToWearV2Tests;
			sourceTree = "<group>";
		};
		7A180E36282C5E5100E90E51 /* WhatToWearV2UITests */ = {
			isa = PBXGroup;
			children = (
				7A180E37282C5E5100E90E51 /* WhatToWearV2UITests.swift */,
				7A180E39282C5E5100E90E51 /* WhatToWearV2UITestsLaunchTests.swift */,
			);
			path = WhatToWearV2UITests;
			sourceTree = "<group>";
		};
/* End PBXGroup section */

/* Begin PBXNativeTarget section */
		7A180E12282C5E4D00E90E51 /* WhatToWearV2 */ = {
			isa = PBXNativeTarget;
			buildConfigurationList = 7A180E3D282C5E5100E90E51 /* Build configuration list for PBXNativeTarget "WhatToWearV2" */;
			buildPhases = (
				7A180E0F282C5E4D00E90E51 /* Sources */,
				7A180E10282C5E4D00E90E51 /* Frameworks */,
				7A180E11282C5E4D00E90E51 /* Resources */,
			);
			buildRules = (
			);
			dependencies = (
			);
			name = WhatToWearV2;
			productName = WhatToWearV2;
			productReference = 7A180E13282C5E4D00E90E51 /* WhatToWearV2.app */;
			productType = "com.apple.product-type.application";
		};
		7A180E28282C5E5100E90E51 /* WhatToWearV2Tests */ = {
			isa = PBXNativeTarget;
			buildConfigurationList = 7A180E40282C5E5100E90E51 /* Build configuration list for PBXNativeTarget "WhatToWearV2Tests" */;
			buildPhases = (
				7A180E25282C5E5100E90E51 /* Sources */,
				7A180E26282C5E5100E90E51 /* Frameworks */,
				7A180E27282C5E5100E90E51 /* Resources */,
			);
			buildRules = (
			);
			dependencies = (
				7A180E2B282C5E5100E90E51 /* PBXTargetDependency */,
			);
			name = WhatToWearV2Tests;
			productName = WhatToWearV2Tests;
			productReference = 7A180E29282C5E5100E90E51 /* WhatToWearV2Tests.xctest */;
			productType = "com.apple.product-type.bundle.unit-test";
		};
		7A180E32282C5E5100E90E51 /* WhatToWearV2UITests */ = {
			isa = PBXNativeTarget;
			buildConfigurationList = 7A180E43282C5E5100E90E51 /* Build configuration list for PBXNativeTarget "WhatToWearV2UITests" */;
			buildPhases = (
				7A180E2F282C5E5100E90E51 /* Sources */,
				7A180E30282C5E5100E90E51 /* Frameworks */,
				7A180E31282C5E5100E90E51 /* Resources */,
			);
			buildRules = (
			);
			dependencies = (
				7A180E35282C5E5100E90E51 /* PBXTargetDependency */,
			);
			name = WhatToWearV2UITests;
			productName = WhatToWearV2UITests;
			productReference = 7A180E33282C5E5100E90E51 /* WhatToWearV2UITests.xctest */;
			productType = "com.apple.product-type.bundle.ui-testing";
		};
/* End PBXNativeTarget section */

/* Begin PBXProject section */
		7A180E0B282C5E4D00E90E51 /* Project object */ = {
			isa = PBXProject;
			attributes = {
				BuildIndependentTargetsInParallel = 1;
				LastSwiftUpdateCheck = 1320;
				LastUpgradeCheck = 1320;
				TargetAttributes = {
					7A180E12282C5E4D00E90E51 = {
						CreatedOnToolsVersion = 13.2.1;
					};
					7A180E28282C5E5100E90E51 = {
						CreatedOnToolsVersion = 13.2.1;
						TestTargetID = 7A180E12282C5E4D00E90E51;
					};
					7A180E32282C5E5100E90E51 = {
						CreatedOnToolsVersion = 13.2.1;
						TestTargetID = 7A180E12282C5E4D00E90E51;
					};
				};
			};
			buildConfigurationList = 7A180E0E282C5E4D00E90E51 /* Build configuration list for PBXProject "WhatToWearV2" */;
			compatibilityVersion = "Xcode 13.0";
			developmentRegion = en;
			hasScannedForEncodings = 0;
			knownRegions = (
				en,
				Base,
			);
			mainGroup = 7A180E0A282C5E4D00E90E51;
			productRefGroup = 7A180E14282C5E4D00E90E51 /* Products */;
			projectDirPath = "";
			projectRoot = "";
			targets = (
				7A180E12282C5E4D00E90E51 /* WhatToWearV2 */,
				7A180E28282C5E5100E90E51 /* WhatToWearV2Tests */,
				7A180E32282C5E5100E90E51 /* WhatToWearV2UITests */,
			);
		};
/* End PBXProject section */

/* Begin PBXResourcesBuildPhase section */
		7A180E11282C5E4D00E90E51 /* Resources */ = {
			isa = PBXResourcesBuildPhase;
			buildActionMask = 2147483647;
			files = (
				7A180E23282C5E5000E90E51 /* LaunchScreen.storyboard in Resources */,
				7A180E20282C5E5000E90E51 /* Assets.xcassets in Resources */,
				7A180E1E282C5E4D00E90E51 /* Main.storyboard in Resources */,
			);
			runOnlyForDeploymentPostprocessing = 0;
		};
		7A180E27282C5E5100E90E51 /* Resources */ = {
			isa = PBXResourcesBuildPhase;
			buildActionMask = 2147483647;
			files = (
			);
			runOnlyForDeploymentPostprocessing = 0;
		};
		7A180E31282C5E5100E90E51 /* Resources */ = {
			isa = PBXResourcesBuildPhase;
			buildActionMask = 2147483647;
			files = (
			);
			runOnlyForDeploymentPostprocessing = 0;
		};
/* End PBXResourcesBuildPhase section */

/* Begin PBXSourcesBuildPhase section */
		7A180E0F282C5E4D00E90E51 /* Sources */ = {
			isa = PBXSourcesBuildPhase;
			buildActionMask = 2147483647;
			files = (
				7A180E1B282C5E4D00E90E51 /* ViewController.swift in Sources */,
				7A180E56282C652200E90E51 /* RainCollectionViewController.swift in Sources */,
				7A180E5A282C654100E90E51 /* CloudCollectionViewController.swift in Sources */,
				7A85EE4D282D031100366EF7 /* WindCollectionViewCell.swift in Sources */,
				7A85EE4F282D031F00366EF7 /* RainCollectionViewCell.swift in Sources */,
				7A180E58282C653200E90E51 /* WindCollectionViewController.swift in Sources */,
				7A180E17282C5E4D00E90E51 /* AppDelegate.swift in Sources */,
				7A180E5C282CE8FD00E90E51 /* SunCollectionViewCell.swift in Sources */,
				7A180E19282C5E4D00E90E51 /* SceneDelegate.swift in Sources */,
				7A180E54282C650D00E90E51 /* SunCollectionViewController.swift in Sources */,
				7A180E52282C626C00E90E51 /* Clothes.swift in Sources */,
				7A85EE51282D033600366EF7 /* CloudCollectionViewCell.swift in Sources */,
				7A180E47282C5F2600E90E51 /* weatherfeature.swift in Sources */,
			);
			runOnlyForDeploymentPostprocessing = 0;
		};
		7A180E25282C5E5100E90E51 /* Sources */ = {
			isa = PBXSourcesBuildPhase;
			buildActionMask = 2147483647;
			files = (
				7A180E2E282C5E5100E90E51 /* WhatToWearV2Tests.swift in Sources */,
			);
			runOnlyForDeploymentPostprocessing = 0;
		};
		7A180E2F282C5E5100E90E51 /* Sources */ = {
			isa = PBXSourcesBuildPhase;
			buildActionMask = 2147483647;
			files = (
				7A180E3A282C5E5100E90E51 /* WhatToWearV2UITestsLaunchTests.swift in Sources */,
				7A180E38282C5E5100E90E51 /* WhatToWearV2UITests.swift in Sources */,
			);
			runOnlyForDeploymentPostprocessing = 0;
		};
/* End PBXSourcesBuildPhase section */

/* Begin PBXTargetDependency section */
		7A180E2B282C5E5100E90E51 /* PBXTargetDependency */ = {
			isa = PBXTargetDependency;
			target = 7A180E12282C5E4D00E90E51 /* WhatToWearV2 */;
			targetProxy = 7A180E2A282C5E5100E90E51 /* PBXContainerItemProxy */;
		};
		7A180E35282C5E5100E90E51 /* PBXTargetDependency */ = {
			isa = PBXTargetDependency;
			target = 7A180E12282C5E4D00E90E51 /* WhatToWearV2 */;
			targetProxy = 7A180E34282C5E5100E90E51 /* PBXContainerItemProxy */;
		};
/* End PBXTargetDependency section */

/* Begin PBXVariantGroup section */
		7A180E1C282C5E4D00E90E51 /* Main.storyboard */ = {
			isa = PBXVariantGroup;
			children = (
				7A180E1D282C5E4D00E90E51 /* Base */,
			);
			name = Main.storyboard;
			sourceTree = "<group>";
		};
		7A180E21282C5E5000E90E51 /* LaunchScreen.storyboard */ = {
			isa = PBXVariantGroup;
			children = (
				7A180E22282C5E5000E90E51 /* Base */,
			);
			name = LaunchScreen.storyboard;
			sourceTree = "<group>";
		};
/* End PBXVariantGroup section */

/* Begin XCBuildConfiguration section */
		7A180E3B282C5E5100E90E51 /* Debug */ = {
			isa = XCBuildConfiguration;
			buildSettings = {
				ALWAYS_SEARCH_USER_PATHS = NO;
				CLANG_ANALYZER_NONNULL = YES;
				CLANG_ANALYZER_NUMBER_OBJECT_CONVERSION = YES_AGGRESSIVE;
				CLANG_CXX_LANGUAGE_STANDARD = "gnu++17";
				CLANG_CXX_LIBRARY = "libc++";
				CLANG_ENABLE_MODULES = YES;
				CLANG_ENABLE_OBJC_ARC = YES;
				CLANG_ENABLE_OBJC_WEAK = YES;
				CLANG_WARN_BLOCK_CAPTURE_AUTORELEASING = YES;
				CLANG_WARN_BOOL_CONVERSION = YES;
				CLANG_WARN_COMMA = YES;
				CLANG_WARN_CONSTANT_CONVERSION = YES;
				CLANG_WARN_DEPRECATED_OBJC_IMPLEMENTATIONS = YES;
				CLANG_WARN_DIRECT_OBJC_ISA_USAGE = YES_ERROR;
				CLANG_WARN_DOCUMENTATION_COMMENTS = YES;
				CLANG_WARN_EMPTY_BODY = YES;
				CLANG_WARN_ENUM_CONVERSION = YES;
				CLANG_WARN_INFINITE_RECURSION = YES;
				CLANG_WARN_INT_CONVERSION = YES;
				CLANG_WARN_NON_LITERAL_NULL_CONVERSION = YES;
				CLANG_WARN_OBJC_IMPLICIT_RETAIN_SELF = YES;
				CLANG_WARN_OBJC_LITERAL_CONVERSION = YES;
				CLANG_WARN_OBJC_ROOT_CLASS = YES_ERROR;
				CLANG_WARN_QUOTED_INCLUDE_IN_FRAMEWORK_HEADER = YES;
				CLANG_WARN_RANGE_LOOP_ANALYSIS = YES;
				CLANG_WARN_STRICT_PROTOTYPES = YES;
				CLANG_WARN_SUSPICIOUS_MOVE = YES;
				CLANG_WARN_UNGUARDED_AVAILABILITY = YES_AGGRESSIVE;
				CLANG_WARN_UNREACHABLE_CODE = YES;
				CLANG_WARN__DUPLICATE_METHOD_MATCH = YES;
				COPY_PHASE_STRIP = NO;
				DEBUG_INFORMATION_FORMAT = dwarf;
				ENABLE_STRICT_OBJC_MSGSEND = YES;
				ENABLE_TESTABILITY = YES;
				GCC_C_LANGUAGE_STANDARD = gnu11;
				GCC_DYNAMIC_NO_PIC = NO;
				GCC_NO_COMMON_BLOCKS = YES;
				GCC_OPTIMIZATION_LEVEL = 0;
				GCC_PREPROCESSOR_DEFINITIONS = (
					"DEBUG=1",
					"$(inherited)",
				);
				GCC_WARN_64_TO_32_BIT_CONVERSION = YES;
				GCC_WARN_ABOUT_RETURN_TYPE = YES_ERROR;
				GCC_WARN_UNDECLARED_SELECTOR = YES;
				GCC_WARN_UNINITIALIZED_AUTOS = YES_AGGRESSIVE;
				GCC_WARN_UNUSED_FUNCTION = YES;
				GCC_WARN_UNUSED_VARIABLE = YES;
				IPHONEOS_DEPLOYMENT_TARGET = 15.2;
				MTL_ENABLE_DEBUG_INFO = INCLUDE_SOURCE;
				MTL_FAST_MATH = YES;
				ONLY_ACTIVE_ARCH = YES;
				SDKROOT = iphoneos;
				SWIFT_ACTIVE_COMPILATION_CONDITIONS = DEBUG;
				SWIFT_OPTIMIZATION_LEVEL = "-Onone";
			};
			name = Debug;
		};
		7A180E3C282C5E5100E90E51 /* Release */ = {
			isa = XCBuildConfiguration;
			buildSettings = {
				ALWAYS_SEARCH_USER_PATHS = NO;
				CLANG_ANALYZER_NONNULL = YES;
				CLANG_ANALYZER_NUMBER_OBJECT_CONVERSION = YES_AGGRESSIVE;
				CLANG_CXX_LANGUAGE_STANDARD = "gnu++17";
				CLANG_CXX_LIBRARY = "libc++";
				CLANG_ENABLE_MODULES = YES;
				CLANG_ENABLE_OBJC_ARC = YES;
				CLANG_ENABLE_OBJC_WEAK = YES;
				CLANG_WARN_BLOCK_CAPTURE_AUTORELEASING = YES;
				CLANG_WARN_BOOL_CONVERSION = YES;
				CLANG_WARN_COMMA = YES;
				CLANG_WARN_CONSTANT_CONVERSION = YES;
				CLANG_WARN_DEPRECATED_OBJC_IMPLEMENTATIONS = YES;
				CLANG_WARN_DIRECT_OBJC_ISA_USAGE = YES_ERROR;
				CLANG_WARN_DOCUMENTATION_COMMENTS = YES;
				CLANG_WARN_EMPTY_BODY = YES;
				CLANG_WARN_ENUM_CONVERSION = YES;
				CLANG_WARN_INFINITE_RECURSION = YES;
				CLANG_WARN_INT_CONVERSION = YES;
				CLANG_WARN_NON_LITERAL_NULL_CONVERSION = YES;
				CLANG_WARN_OBJC_IMPLICIT_RETAIN_SELF = YES;
				CLANG_WARN_OBJC_LITERAL_CONVERSION = YES;
				CLANG_WARN_OBJC_ROOT_CLASS = YES_ERROR;
				CLANG_WARN_QUOTED_INCLUDE_IN_FRAMEWORK_HEADER = YES;
				CLANG_WARN_RANGE_LOOP_ANALYSIS = YES;
				CLANG_WARN_STRICT_PROTOTYPES = YES;
				CLANG_WARN_SUSPICIOUS_MOVE = YES;
				CLANG_WARN_UNGUARDED_AVAILABILITY = YES_AGGRESSIVE;
				CLANG_WARN_UNREACHABLE_CODE = YES;
				CLANG_WARN__DUPLICATE_METHOD_MATCH = YES;
				COPY_PHASE_STRIP = NO;
				DEBUG_INFORMATION_FORMAT = "dwarf-with-dsym";
				ENABLE_NS_ASSERTIONS = NO;
				ENABLE_STRICT_OBJC_MSGSEND = YES;
				GCC_C_LANGUAGE_STANDARD = gnu11;
				GCC_NO_COMMON_BLOCKS = YES;
				GCC_WARN_64_TO_32_BIT_CONVERSION = YES;
				GCC_WARN_ABOUT_RETURN_TYPE = YES_ERROR;
				GCC_WARN_UNDECLARED_SELECTOR = YES;
				GCC_WARN_UNINITIALIZED_AUTOS = YES_AGGRESSIVE;
				GCC_WARN_UNUSED_FUNCTION = YES;
				GCC_WARN_UNUSED_VARIABLE = YES;
				IPHONEOS_DEPLOYMENT_TARGET = 15.2;
				MTL_ENABLE_DEBUG_INFO = NO;
				MTL_FAST_MATH = YES;
				SDKROOT = iphoneos;
				SWIFT_COMPILATION_MODE = wholemodule;
				SWIFT_OPTIMIZATION_LEVEL = "-O";
				VALIDATE_PRODUCT = YES;
			};
			name = Release;
		};
		7A180E3E282C5E5100E90E51 /* Debug */ = {
			isa = XCBuildConfiguration;
			buildSettings = {
				ASSETCATALOG_COMPILER_APPICON_NAME = AppIcon;
				ASSETCATALOG_COMPILER_GLOBAL_ACCENT_COLOR_NAME = AccentColor;
				CODE_SIGN_STYLE = Automatic;
				CURRENT_PROJECT_VERSION = 1;
				DEVELOPMENT_TEAM = R84J6VTYY2;
				GENERATE_INFOPLIST_FILE = YES;
				INFOPLIST_FILE = WhatToWearV2/Info.plist;
				INFOPLIST_KEY_UIApplicationSupportsIndirectInputEvents = YES;
				INFOPLIST_KEY_UILaunchStoryboardName = LaunchScreen;
				INFOPLIST_KEY_UIMainStoryboardFile = Main;
				INFOPLIST_KEY_UISupportedInterfaceOrientations_iPad = "UIInterfaceOrientationPortrait UIInterfaceOrientationPortraitUpsideDown UIInterfaceOrientationLandscapeLeft UIInterfaceOrientationLandscapeRight";
				INFOPLIST_KEY_UISupportedInterfaceOrientations_iPhone = "UIInterfaceOrientationPortrait UIInterfaceOrientationLandscapeLeft UIInterfaceOrientationLandscapeRight";
				LD_RUNPATH_SEARCH_PATHS = (
					"$(inherited)",
					"@executable_path/Frameworks",
				);
				MARKETING_VERSION = 1.0;
				PRODUCT_BUNDLE_IDENTIFIER = danochoa.WhatToWearV2;
				PRODUCT_NAME = "$(TARGET_NAME)";
				SWIFT_EMIT_LOC_STRINGS = YES;
				SWIFT_VERSION = 5.0;
				TARGETED_DEVICE_FAMILY = "1,2";
			};
			name = Debug;
		};
		7A180E3F282C5E5100E90E51 /* Release */ = {
			isa = XCBuildConfiguration;
			buildSettings = {
				ASSETCATALOG_COMPILER_APPICON_NAME = AppIcon;
				ASSETCATALOG_COMPILER_GLOBAL_ACCENT_COLOR_NAME = AccentColor;
				CODE_SIGN_STYLE = Automatic;
				CURRENT_PROJECT_VERSION = 1;
				DEVELOPMENT_TEAM = R84J6VTYY2;
				GENERATE_INFOPLIST_FILE = YES;
				INFOPLIST_FILE = WhatToWearV2/Info.plist;
				INFOPLIST_KEY_UIApplicationSupportsIndirectInputEvents = YES;
				INFOPLIST_KEY_UILaunchStoryboardName = LaunchScreen;
				INFOPLIST_KEY_UIMainStoryboardFile = Main;
				INFOPLIST_KEY_UISupportedInterfaceOrientations_iPad = "UIInterfaceOrientationPortrait UIInterfaceOrientationPortraitUpsideDown UIInterfaceOrientationLandscapeLeft UIInterfaceOrientationLandscapeRight";
				INFOPLIST_KEY_UISupportedInterfaceOrientations_iPhone = "UIInterfaceOrientationPortrait UIInterfaceOrientationLandscapeLeft UIInterfaceOrientationLandscapeRight";
				LD_RUNPATH_SEARCH_PATHS = (
					"$(inherited)",
					"@executable_path/Frameworks",
				);
				MARKETING_VERSION = 1.0;
				PRODUCT_BUNDLE_IDENTIFIER = danochoa.WhatToWearV2;
				PRODUCT_NAME = "$(TARGET_NAME)";
				SWIFT_EMIT_LOC_STRINGS = YES;
				SWIFT_VERSION = 5.0;
				TARGETED_DEVICE_FAMILY = "1,2";
			};
			name = Release;
		};
		7A180E41282C5E5100E90E51 /* Debug */ = {
			isa = XCBuildConfiguration;
			buildSettings = {
				ALWAYS_EMBED_SWIFT_STANDARD_LIBRARIES = YES;
				BUNDLE_LOADER = "$(TEST_HOST)";
				CODE_SIGN_STYLE = Automatic;
				CURRENT_PROJECT_VERSION = 1;
				DEVELOPMENT_TEAM = R84J6VTYY2;
				GENERATE_INFOPLIST_FILE = YES;
				IPHONEOS_DEPLOYMENT_TARGET = 15.2;
				MARKETING_VERSION = 1.0;
				PRODUCT_BUNDLE_IDENTIFIER = danochoa.WhatToWearV2Tests;
				PRODUCT_NAME = "$(TARGET_NAME)";
				SWIFT_EMIT_LOC_STRINGS = NO;
				SWIFT_VERSION = 5.0;
				TARGETED_DEVICE_FAMILY = "1,2";
				TEST_HOST = "$(BUILT_PRODUCTS_DIR)/WhatToWearV2.app/WhatToWearV2";
			};
			name = Debug;
		};
		7A180E42282C5E5100E90E51 /* Release */ = {
			isa = XCBuildConfiguration;
			buildSettings = {
				ALWAYS_EMBED_SWIFT_STANDARD_LIBRARIES = YES;
				BUNDLE_LOADER = "$(TEST_HOST)";
				CODE_SIGN_STYLE = Automatic;
				CURRENT_PROJECT_VERSION = 1;
				DEVELOPMENT_TEAM = R84J6VTYY2;
				GENERATE_INFOPLIST_FILE = YES;
				IPHONEOS_DEPLOYMENT_TARGET = 15.2;
				MARKETING_VERSION = 1.0;
				PRODUCT_BUNDLE_IDENTIFIER = danochoa.WhatToWearV2Tests;
				PRODUCT_NAME = "$(TARGET_NAME)";
				SWIFT_EMIT_LOC_STRINGS = NO;
				SWIFT_VERSION = 5.0;
				TARGETED_DEVICE_FAMILY = "1,2";
				TEST_HOST = "$(BUILT_PRODUCTS_DIR)/WhatToWearV2.app/WhatToWearV2";
			};
			name = Release;
		};
		7A180E44282C5E5100E90E51 /* Debug */ = {
			isa = XCBuildConfiguration;
			buildSettings = {
				ALWAYS_EMBED_SWIFT_STANDARD_LIBRARIES = YES;
				CODE_SIGN_STYLE = Automatic;
				CURRENT_PROJECT_VERSION = 1;
				DEVELOPMENT_TEAM = R84J6VTYY2;
				GENERATE_INFOPLIST_FILE = YES;
				MARKETING_VERSION = 1.0;
				PRODUCT_BUNDLE_IDENTIFIER = danochoa.WhatToWearV2UITests;
				PRODUCT_NAME = "$(TARGET_NAME)";
				SWIFT_EMIT_LOC_STRINGS = NO;
				SWIFT_VERSION = 5.0;
				TARGETED_DEVICE_FAMILY = "1,2";
				TEST_TARGET_NAME = WhatToWearV2;
			};
			name = Debug;
		};
		7A180E45282C5E5100E90E51 /* Release */ = {
			isa = XCBuildConfiguration;
			buildSettings = {
				ALWAYS_EMBED_SWIFT_STANDARD_LIBRARIES = YES;
				CODE_SIGN_STYLE = Automatic;
				CURRENT_PROJECT_VERSION = 1;
				DEVELOPMENT_TEAM = R84J6VTYY2;
				GENERATE_INFOPLIST_FILE = YES;
				MARKETING_VERSION = 1.0;
				PRODUCT_BUNDLE_IDENTIFIER = danochoa.WhatToWearV2UITests;
				PRODUCT_NAME = "$(TARGET_NAME)";
				SWIFT_EMIT_LOC_STRINGS = NO;
				SWIFT_VERSION = 5.0;
				TARGETED_DEVICE_FAMILY = "1,2";
				TEST_TARGET_NAME = WhatToWearV2;
			};
			name = Release;
		};
/* End XCBuildConfiguration section */

/* Begin XCConfigurationList section */
		7A180E0E282C5E4D00E90E51 /* Build configuration list for PBXProject "WhatToWearV2" */ = {
			isa = XCConfigurationList;
			buildConfigurations = (
				7A180E3B282C5E5100E90E51 /* Debug */,
				7A180E3C282C5E5100E90E51 /* Release */,
			);
			defaultConfigurationIsVisible = 0;
			defaultConfigurationName = Release;
		};
		7A180E3D282C5E5100E90E51 /* Build configuration list for PBXNativeTarget "WhatToWearV2" */ = {
			isa = XCConfigurationList;
			buildConfigurations = (
				7A180E3E282C5E5100E90E51 /* Debug */,
				7A180E3F282C5E5100E90E51 /* Release */,
			);
			defaultConfigurationIsVisible = 0;
			defaultConfigurationName = Release;
		};
		7A180E40282C5E5100E90E51 /* Build configuration list for PBXNativeTarget "WhatToWearV2Tests" */ = {
			isa = XCConfigurationList;
			buildConfigurations = (
				7A180E41282C5E5100E90E51 /* Debug */,
				7A180E42282C5E5100E90E51 /* Release */,
			);
			defaultConfigurationIsVisible = 0;
			defaultConfigurationName = Release;
		};
		7A180E43282C5E5100E90E51 /* Build configuration list for PBXNativeTarget "WhatToWearV2UITests" */ = {
			isa = XCConfigurationList;
			buildConfigurations = (
				7A180E44282C5E5100E90E51 /* Debug */,
				7A180E45282C5E5100E90E51 /* Release */,
			);
			defaultConfigurationIsVisible = 0;
			defaultConfigurationName = Release;
		};
/* End XCConfigurationList section */
	};
	rootObject = 7A180E0B282C5E4D00E90E51 /* Project object */;
}
