// !$*UTF8*$!
{
	archiveVersion = 1;
	classes = {
	};
	objectVersion = 55;
	objects = {

/* Begin PBXBuildFile section */
		7A04E1D727C7E6D60042F13F /* WhatToWear_Project_Group_7App.swift in Sources */ = {isa = PBXBuildFile; fileRef = 7A04E1D627C7E6D60042F13F /* WhatToWear_Project_Group_7App.swift */; };
		7A04E1D927C7E6D60042F13F /* ContentView.swift in Sources */ = {isa = PBXBuildFile; fileRef = 7A04E1D827C7E6D60042F13F /* ContentView.swift */; };
		7A04E1DB27C7E6DF0042F13F /* Assets.xcassets in Resources */ = {isa = PBXBuildFile; fileRef = 7A04E1DA27C7E6DF0042F13F /* Assets.xcassets */; };
		7A04E1DE27C7E6DF0042F13F /* Preview Assets.xcassets in Resources */ = {isa = PBXBuildFile; fileRef = 7A04E1DD27C7E6DF0042F13F /* Preview Assets.xcassets */; };
		7A04E1E827C7E6DF0042F13F /* WhatToWear_Project_Group_7Tests.swift in Sources */ = {isa = PBXBuildFile; fileRef = 7A04E1E727C7E6DF0042F13F /* WhatToWear_Project_Group_7Tests.swift */; };
		7A04E1F227C7E6DF0042F13F /* WhatToWear_Project_Group_7UITests.swift in Sources */ = {isa = PBXBuildFile; fileRef = 7A04E1F127C7E6DF0042F13F /* WhatToWear_Project_Group_7UITests.swift */; };
		7A04E1F427C7E6DF0042F13F /* WhatToWear_Project_Group_7UITestsLaunchTests.swift in Sources */ = {isa = PBXBuildFile; fileRef = 7A04E1F327C7E6DF0042F13F /* WhatToWear_Project_Group_7UITestsLaunchTests.swift */; };
		7A04E20127C7E75E0042F13F /* .gitignore in Resources */ = {isa = PBXBuildFile; fileRef = 7A04E20027C7E75E0042F13F /* .gitignore */; };
		7A04E20327C7EF750042F13F /* weather_feature.swift in Sources */ = {isa = PBXBuildFile; fileRef = 7A04E20227C7EF750042F13F /* weather_feature.swift */; };
		7A04E33927D9B86B0042F13F /* Clothes_Feature.swift in Sources */ = {isa = PBXBuildFile; fileRef = 7A04E33827D9B86A0042F13F /* Clothes_Feature.swift */; };
/* End PBXBuildFile section */

/* Begin PBXContainerItemProxy section */
		7A04E1E427C7E6DF0042F13F /* PBXContainerItemProxy */ = {
			isa = PBXContainerItemProxy;
			containerPortal = 7A04E1CB27C7E6D60042F13F /* Project object */;
			proxyType = 1;
			remoteGlobalIDString = 7A04E1D227C7E6D60042F13F;
			remoteInfo = "WhatToWear Project Group 7";
		};
		7A04E1EE27C7E6DF0042F13F /* PBXContainerItemProxy */ = {
			isa = PBXContainerItemProxy;
			containerPortal = 7A04E1CB27C7E6D60042F13F /* Project object */;
			proxyType = 1;
			remoteGlobalIDString = 7A04E1D227C7E6D60042F13F;
			remoteInfo = "WhatToWear Project Group 7";
		};
/* End PBXContainerItemProxy section */

/* Begin PBXFileReference section */
		7A04E1D327C7E6D60042F13F /* WhatToWear Project Group 7.app */ = {isa = PBXFileReference; explicitFileType = wrapper.application; includeInIndex = 0; path = "WhatToWear Project Group 7.app"; sourceTree = BUILT_PRODUCTS_DIR; };
		7A04E1D627C7E6D60042F13F /* WhatToWear_Project_Group_7App.swift */ = {isa = PBXFileReference; lastKnownFileType = sourcecode.swift; path = WhatToWear_Project_Group_7App.swift; sourceTree = "<group>"; };
		7A04E1D827C7E6D60042F13F /* ContentView.swift */ = {isa = PBXFileReference; lastKnownFileType = sourcecode.swift; path = ContentView.swift; sourceTree = "<group>"; };
		7A04E1DA27C7E6DF0042F13F /* Assets.xcassets */ = {isa = PBXFileReference; lastKnownFileType = folder.assetcatalog; path = Assets.xcassets; sourceTree = "<group>"; };
		7A04E1DD27C7E6DF0042F13F /* Preview Assets.xcassets */ = {isa = PBXFileReference; lastKnownFileType = folder.assetcatalog; path = "Preview Assets.xcassets"; sourceTree = "<group>"; };
		7A04E1E327C7E6DF0042F13F /* WhatToWear Project Group 7Tests.xctest */ = {isa = PBXFileReference; explicitFileType = wrapper.cfbundle; includeInIndex = 0; path = "WhatToWear Project Group 7Tests.xctest"; sourceTree = BUILT_PRODUCTS_DIR; };
		7A04E1E727C7E6DF0042F13F /* WhatToWear_Project_Group_7Tests.swift */ = {isa = PBXFileReference; lastKnownFileType = sourcecode.swift; path = WhatToWear_Project_Group_7Tests.swift; sourceTree = "<group>"; };
		7A04E1ED27C7E6DF0042F13F /* WhatToWear Project Group 7UITests.xctest */ = {isa = PBXFileReference; explicitFileType = wrapper.cfbundle; includeInIndex = 0; path = "WhatToWear Project Group 7UITests.xctest"; sourceTree = BUILT_PRODUCTS_DIR; };
		7A04E1F127C7E6DF0042F13F /* WhatToWear_Project_Group_7UITests.swift */ = {isa = PBXFileReference; lastKnownFileType = sourcecode.swift; path = WhatToWear_Project_Group_7UITests.swift; sourceTree = "<group>"; };
		7A04E1F327C7E6DF0042F13F /* WhatToWear_Project_Group_7UITestsLaunchTests.swift */ = {isa = PBXFileReference; lastKnownFileType = sourcecode.swift; path = WhatToWear_Project_Group_7UITestsLaunchTests.swift; sourceTree = "<group>"; };
		7A04E20027C7E75E0042F13F /* .gitignore */ = {isa = PBXFileReference; lastKnownFileType = text; path = .gitignore; sourceTree = "<group>"; };
		7A04E20227C7EF750042F13F /* weather_feature.swift */ = {isa = PBXFileReference; lastKnownFileType = sourcecode.swift; path = weather_feature.swift; sourceTree = "<group>"; };
		7A04E33827D9B86A0042F13F /* Clothes_Feature.swift */ = {isa = PBXFileReference; lastKnownFileType = sourcecode.swift; path = Clothes_Feature.swift; sourceTree = "<group>"; };
/* End PBXFileReference section */

/* Begin PBXFrameworksBuildPhase section */
		7A04E1D027C7E6D60042F13F /* Frameworks */ = {
			isa = PBXFrameworksBuildPhase;
			buildActionMask = 2147483647;
			files = (
			);
			runOnlyForDeploymentPostprocessing = 0;
		};
		7A04E1E027C7E6DF0042F13F /* Frameworks */ = {
			isa = PBXFrameworksBuildPhase;
			buildActionMask = 2147483647;
			files = (
			);
			runOnlyForDeploymentPostprocessing = 0;
		};
		7A04E1EA27C7E6DF0042F13F /* Frameworks */ = {
			isa = PBXFrameworksBuildPhase;
			buildActionMask = 2147483647;
			files = (
			);
			runOnlyForDeploymentPostprocessing = 0;
		};
/* End PBXFrameworksBuildPhase section */

/* Begin PBXGroup section */
		7A04E1CA27C7E6D60042F13F = {
			isa = PBXGroup;
			children = (
				7A04E33827D9B86A0042F13F /* Clothes_Feature.swift */,
				7A04E20227C7EF750042F13F /* weather_feature.swift */,
				7A04E20027C7E75E0042F13F /* .gitignore */,
				7A04E1D527C7E6D60042F13F /* WhatToWear Project Group 7 */,
				7A04E1E627C7E6DF0042F13F /* WhatToWear Project Group 7Tests */,
				7A04E1F027C7E6DF0042F13F /* WhatToWear Project Group 7UITests */,
				7A04E1D427C7E6D60042F13F /* Products */,
			);
			sourceTree = "<group>";
		};
		7A04E1D427C7E6D60042F13F /* Products */ = {
			isa = PBXGroup;
			children = (
				7A04E1D327C7E6D60042F13F /* WhatToWear Project Group 7.app */,
				7A04E1E327C7E6DF0042F13F /* WhatToWear Project Group 7Tests.xctest */,
				7A04E1ED27C7E6DF0042F13F /* WhatToWear Project Group 7UITests.xctest */,
			);
			name = Products;
			sourceTree = "<group>";
		};
		7A04E1D527C7E6D60042F13F /* WhatToWear Project Group 7 */ = {
			isa = PBXGroup;
			children = (
				7A04E1D627C7E6D60042F13F /* WhatToWear_Project_Group_7App.swift */,
				7A04E1D827C7E6D60042F13F /* ContentView.swift */,
				7A04E1DA27C7E6DF0042F13F /* Assets.xcassets */,
				7A04E1DC27C7E6DF0042F13F /* Preview Content */,
			);
			path = "WhatToWear Project Group 7";
			sourceTree = "<group>";
		};
		7A04E1DC27C7E6DF0042F13F /* Preview Content */ = {
			isa = PBXGroup;
			children = (
				7A04E1DD27C7E6DF0042F13F /* Preview Assets.xcassets */,
			);
			path = "Preview Content";
			sourceTree = "<group>";
		};
		7A04E1E627C7E6DF0042F13F /* WhatToWear Project Group 7Tests */ = {
			isa = PBXGroup;
			children = (
				7A04E1E727C7E6DF0042F13F /* WhatToWear_Project_Group_7Tests.swift */,
			);
			path = "WhatToWear Project Group 7Tests";
			sourceTree = "<group>";
		};
		7A04E1F027C7E6DF0042F13F /* WhatToWear Project Group 7UITests */ = {
			isa = PBXGroup;
			children = (
				7A04E1F127C7E6DF0042F13F /* WhatToWear_Project_Group_7UITests.swift */,
				7A04E1F327C7E6DF0042F13F /* WhatToWear_Project_Group_7UITestsLaunchTests.swift */,
			);
			path = "WhatToWear Project Group 7UITests";
			sourceTree = "<group>";
		};
/* End PBXGroup section */

/* Begin PBXNativeTarget section */
		7A04E1D227C7E6D60042F13F /* WhatToWear Project Group 7 */ = {
			isa = PBXNativeTarget;
			buildConfigurationList = 7A04E1F727C7E6DF0042F13F /* Build configuration list for PBXNativeTarget "WhatToWear Project Group 7" */;
			buildPhases = (
				7A04E1CF27C7E6D60042F13F /* Sources */,
				7A04E1D027C7E6D60042F13F /* Frameworks */,
				7A04E1D127C7E6D60042F13F /* Resources */,
			);
			buildRules = (
			);
			dependencies = (
			);
			name = "WhatToWear Project Group 7";
			productName = "WhatToWear Project Group 7";
			productReference = 7A04E1D327C7E6D60042F13F /* WhatToWear Project Group 7.app */;
			productType = "com.apple.product-type.application";
		};
		7A04E1E227C7E6DF0042F13F /* WhatToWear Project Group 7Tests */ = {
			isa = PBXNativeTarget;
			buildConfigurationList = 7A04E1FA27C7E6DF0042F13F /* Build configuration list for PBXNativeTarget "WhatToWear Project Group 7Tests" */;
			buildPhases = (
				7A04E1DF27C7E6DF0042F13F /* Sources */,
				7A04E1E027C7E6DF0042F13F /* Frameworks */,
				7A04E1E127C7E6DF0042F13F /* Resources */,
			);
			buildRules = (
			);
			dependencies = (
				7A04E1E527C7E6DF0042F13F /* PBXTargetDependency */,
			);
			name = "WhatToWear Project Group 7Tests";
			productName = "WhatToWear Project Group 7Tests";
			productReference = 7A04E1E327C7E6DF0042F13F /* WhatToWear Project Group 7Tests.xctest */;
			productType = "com.apple.product-type.bundle.unit-test";
		};
		7A04E1EC27C7E6DF0042F13F /* WhatToWear Project Group 7UITests */ = {
			isa = PBXNativeTarget;
			buildConfigurationList = 7A04E1FD27C7E6DF0042F13F /* Build configuration list for PBXNativeTarget "WhatToWear Project Group 7UITests" */;
			buildPhases = (
				7A04E1E927C7E6DF0042F13F /* Sources */,
				7A04E1EA27C7E6DF0042F13F /* Frameworks */,
				7A04E1EB27C7E6DF0042F13F /* Resources */,
			);
			buildRules = (
			);
			dependencies = (
				7A04E1EF27C7E6DF0042F13F /* PBXTargetDependency */,
			);
			name = "WhatToWear Project Group 7UITests";
			productName = "WhatToWear Project Group 7UITests";
			productReference = 7A04E1ED27C7E6DF0042F13F /* WhatToWear Project Group 7UITests.xctest */;
			productType = "com.apple.product-type.bundle.ui-testing";
		};
/* End PBXNativeTarget section */

/* Begin PBXProject section */
		7A04E1CB27C7E6D60042F13F /* Project object */ = {
			isa = PBXProject;
			attributes = {
				BuildIndependentTargetsInParallel = 1;
				LastSwiftUpdateCheck = 1320;
				LastUpgradeCheck = 1320;
				TargetAttributes = {
					7A04E1D227C7E6D60042F13F = {
						CreatedOnToolsVersion = 13.2.1;
					};
					7A04E1E227C7E6DF0042F13F = {
						CreatedOnToolsVersion = 13.2.1;
						TestTargetID = 7A04E1D227C7E6D60042F13F;
					};
					7A04E1EC27C7E6DF0042F13F = {
						CreatedOnToolsVersion = 13.2.1;
						TestTargetID = 7A04E1D227C7E6D60042F13F;
					};
				};
			};
			buildConfigurationList = 7A04E1CE27C7E6D60042F13F /* Build configuration list for PBXProject "WhatToWear Project Group 7" */;
			compatibilityVersion = "Xcode 13.0";
			developmentRegion = en;
			hasScannedForEncodings = 0;
			knownRegions = (
				en,
				Base,
			);
			mainGroup = 7A04E1CA27C7E6D60042F13F;
			productRefGroup = 7A04E1D427C7E6D60042F13F /* Products */;
			projectDirPath = "";
			projectRoot = "";
			targets = (
				7A04E1D227C7E6D60042F13F /* WhatToWear Project Group 7 */,
				7A04E1E227C7E6DF0042F13F /* WhatToWear Project Group 7Tests */,
				7A04E1EC27C7E6DF0042F13F /* WhatToWear Project Group 7UITests */,
			);
		};
/* End PBXProject section */

/* Begin PBXResourcesBuildPhase section */
		7A04E1D127C7E6D60042F13F /* Resources */ = {
			isa = PBXResourcesBuildPhase;
			buildActionMask = 2147483647;
			files = (
				7A04E1DE27C7E6DF0042F13F /* Preview Assets.xcassets in Resources */,
				7A04E20127C7E75E0042F13F /* .gitignore in Resources */,
				7A04E1DB27C7E6DF0042F13F /* Assets.xcassets in Resources */,
			);
			runOnlyForDeploymentPostprocessing = 0;
		};
		7A04E1E127C7E6DF0042F13F /* Resources */ = {
			isa = PBXResourcesBuildPhase;
			buildActionMask = 2147483647;
			files = (
			);
			runOnlyForDeploymentPostprocessing = 0;
		};
		7A04E1EB27C7E6DF0042F13F /* Resources */ = {
			isa = PBXResourcesBuildPhase;
			buildActionMask = 2147483647;
			files = (
			);
			runOnlyForDeploymentPostprocessing = 0;
		};
/* End PBXResourcesBuildPhase section */

/* Begin PBXSourcesBuildPhase section */
		7A04E1CF27C7E6D60042F13F /* Sources */ = {
			isa = PBXSourcesBuildPhase;
			buildActionMask = 2147483647;
			files = (
				7A04E1D927C7E6D60042F13F /* ContentView.swift in Sources */,
				7A04E33927D9B86B0042F13F /* Clothes_Feature.swift in Sources */,
				7A04E20327C7EF750042F13F /* weather_feature.swift in Sources */,
				7A04E1D727C7E6D60042F13F /* WhatToWear_Project_Group_7App.swift in Sources */,
			);
			runOnlyForDeploymentPostprocessing = 0;
		};
		7A04E1DF27C7E6DF0042F13F /* Sources */ = {
			isa = PBXSourcesBuildPhase;
			buildActionMask = 2147483647;
			files = (
				7A04E1E827C7E6DF0042F13F /* WhatToWear_Project_Group_7Tests.swift in Sources */,
			);
			runOnlyForDeploymentPostprocessing = 0;
		};
		7A04E1E927C7E6DF0042F13F /* Sources */ = {
			isa = PBXSourcesBuildPhase;
			buildActionMask = 2147483647;
			files = (
				7A04E1F427C7E6DF0042F13F /* WhatToWear_Project_Group_7UITestsLaunchTests.swift in Sources */,
				7A04E1F227C7E6DF0042F13F /* WhatToWear_Project_Group_7UITests.swift in Sources */,
			);
			runOnlyForDeploymentPostprocessing = 0;
		};
/* End PBXSourcesBuildPhase section */

/* Begin PBXTargetDependency section */
		7A04E1E527C7E6DF0042F13F /* PBXTargetDependency */ = {
			isa = PBXTargetDependency;
			target = 7A04E1D227C7E6D60042F13F /* WhatToWear Project Group 7 */;
			targetProxy = 7A04E1E427C7E6DF0042F13F /* PBXContainerItemProxy */;
		};
		7A04E1EF27C7E6DF0042F13F /* PBXTargetDependency */ = {
			isa = PBXTargetDependency;
			target = 7A04E1D227C7E6D60042F13F /* WhatToWear Project Group 7 */;
			targetProxy = 7A04E1EE27C7E6DF0042F13F /* PBXContainerItemProxy */;
		};
/* End PBXTargetDependency section */

/* Begin XCBuildConfiguration section */
		7A04E1F527C7E6DF0042F13F /* Debug */ = {
			isa = XCBuildConfiguration;
			buildSettings = {
				ALWAYS_SEARCH_USER_PATHS = NO;
				CLANG_ANALYZER_NONNULL = YES;
				CLANG_ANALYZER_NUMBER_OBJECT_CONVERSION = YES_AGGRESSIVE;
				CLANG_CXX_LANGUAGE_STANDARD = "gnu++17";
				CLANG_CXX_LIBRARY = "libc++";
				CLANG_ENABLE_MODULES = YES;
				CLANG_ENABLE_OBJC_ARC = YES;
				CLANG_ENABLE_OBJC_WEAK = YES;
				CLANG_WARN_BLOCK_CAPTURE_AUTORELEASING = YES;
				CLANG_WARN_BOOL_CONVERSION = YES;
				CLANG_WARN_COMMA = YES;
				CLANG_WARN_CONSTANT_CONVERSION = YES;
				CLANG_WARN_DEPRECATED_OBJC_IMPLEMENTATIONS = YES;
				CLANG_WARN_DIRECT_OBJC_ISA_USAGE = YES_ERROR;
				CLANG_WARN_DOCUMENTATION_COMMENTS = YES;
				CLANG_WARN_EMPTY_BODY = YES;
				CLANG_WARN_ENUM_CONVERSION = YES;
				CLANG_WARN_INFINITE_RECURSION = YES;
				CLANG_WARN_INT_CONVERSION = YES;
				CLANG_WARN_NON_LITERAL_NULL_CONVERSION = YES;
				CLANG_WARN_OBJC_IMPLICIT_RETAIN_SELF = YES;
				CLANG_WARN_OBJC_LITERAL_CONVERSION = YES;
				CLANG_WARN_OBJC_ROOT_CLASS = YES_ERROR;
				CLANG_WARN_QUOTED_INCLUDE_IN_FRAMEWORK_HEADER = YES;
				CLANG_WARN_RANGE_LOOP_ANALYSIS = YES;
				CLANG_WARN_STRICT_PROTOTYPES = YES;
				CLANG_WARN_SUSPICIOUS_MOVE = YES;
				CLANG_WARN_UNGUARDED_AVAILABILITY = YES_AGGRESSIVE;
				CLANG_WARN_UNREACHABLE_CODE = YES;
				CLANG_WARN__DUPLICATE_METHOD_MATCH = YES;
				COPY_PHASE_STRIP = NO;
				DEBUG_INFORMATION_FORMAT = dwarf;
				ENABLE_STRICT_OBJC_MSGSEND = YES;
				ENABLE_TESTABILITY = YES;
				GCC_C_LANGUAGE_STANDARD = gnu11;
				GCC_DYNAMIC_NO_PIC = NO;
				GCC_NO_COMMON_BLOCKS = YES;
				GCC_OPTIMIZATION_LEVEL = 0;
				GCC_PREPROCESSOR_DEFINITIONS = (
					"DEBUG=1",
					"$(inherited)",
				);
				GCC_WARN_64_TO_32_BIT_CONVERSION = YES;
				GCC_WARN_ABOUT_RETURN_TYPE = YES_ERROR;
				GCC_WARN_UNDECLARED_SELECTOR = YES;
				GCC_WARN_UNINITIALIZED_AUTOS = YES_AGGRESSIVE;
				GCC_WARN_UNUSED_FUNCTION = YES;
				GCC_WARN_UNUSED_VARIABLE = YES;
				IPHONEOS_DEPLOYMENT_TARGET = 15.2;
				MTL_ENABLE_DEBUG_INFO = INCLUDE_SOURCE;
				MTL_FAST_MATH = YES;
				ONLY_ACTIVE_ARCH = YES;
				SDKROOT = iphoneos;
				SWIFT_ACTIVE_COMPILATION_CONDITIONS = DEBUG;
				SWIFT_OPTIMIZATION_LEVEL = "-Onone";
			};
			name = Debug;
		};
		7A04E1F627C7E6DF0042F13F /* Release */ = {
			isa = XCBuildConfiguration;
			buildSettings = {
				ALWAYS_SEARCH_USER_PATHS = NO;
				CLANG_ANALYZER_NONNULL = YES;
				CLANG_ANALYZER_NUMBER_OBJECT_CONVERSION = YES_AGGRESSIVE;
				CLANG_CXX_LANGUAGE_STANDARD = "gnu++17";
				CLANG_CXX_LIBRARY = "libc++";
				CLANG_ENABLE_MODULES = YES;
				CLANG_ENABLE_OBJC_ARC = YES;
				CLANG_ENABLE_OBJC_WEAK = YES;
				CLANG_WARN_BLOCK_CAPTURE_AUTORELEASING = YES;
				CLANG_WARN_BOOL_CONVERSION = YES;
				CLANG_WARN_COMMA = YES;
				CLANG_WARN_CONSTANT_CONVERSION = YES;
				CLANG_WARN_DEPRECATED_OBJC_IMPLEMENTATIONS = YES;
				CLANG_WARN_DIRECT_OBJC_ISA_USAGE = YES_ERROR;
				CLANG_WARN_DOCUMENTATION_COMMENTS = YES;
				CLANG_WARN_EMPTY_BODY = YES;
				CLANG_WARN_ENUM_CONVERSION = YES;
				CLANG_WARN_INFINITE_RECURSION = YES;
				CLANG_WARN_INT_CONVERSION = YES;
				CLANG_WARN_NON_LITERAL_NULL_CONVERSION = YES;
				CLANG_WARN_OBJC_IMPLICIT_RETAIN_SELF = YES;
				CLANG_WARN_OBJC_LITERAL_CONVERSION = YES;
				CLANG_WARN_OBJC_ROOT_CLASS = YES_ERROR;
				CLANG_WARN_QUOTED_INCLUDE_IN_FRAMEWORK_HEADER = YES;
				CLANG_WARN_RANGE_LOOP_ANALYSIS = YES;
				CLANG_WARN_STRICT_PROTOTYPES = YES;
				CLANG_WARN_SUSPICIOUS_MOVE = YES;
				CLANG_WARN_UNGUARDED_AVAILABILITY = YES_AGGRESSIVE;
				CLANG_WARN_UNREACHABLE_CODE = YES;
				CLANG_WARN__DUPLICATE_METHOD_MATCH = YES;
				COPY_PHASE_STRIP = NO;
				DEBUG_INFORMATION_FORMAT = "dwarf-with-dsym";
				ENABLE_NS_ASSERTIONS = NO;
				ENABLE_STRICT_OBJC_MSGSEND = YES;
				GCC_C_LANGUAGE_STANDARD = gnu11;
				GCC_NO_COMMON_BLOCKS = YES;
				GCC_WARN_64_TO_32_BIT_CONVERSION = YES;
				GCC_WARN_ABOUT_RETURN_TYPE = YES_ERROR;
				GCC_WARN_UNDECLARED_SELECTOR = YES;
				GCC_WARN_UNINITIALIZED_AUTOS = YES_AGGRESSIVE;
				GCC_WARN_UNUSED_FUNCTION = YES;
				GCC_WARN_UNUSED_VARIABLE = YES;
				IPHONEOS_DEPLOYMENT_TARGET = 15.2;
				MTL_ENABLE_DEBUG_INFO = NO;
				MTL_FAST_MATH = YES;
				SDKROOT = iphoneos;
				SWIFT_COMPILATION_MODE = wholemodule;
				SWIFT_OPTIMIZATION_LEVEL = "-O";
				VALIDATE_PRODUCT = YES;
			};
			name = Release;
		};
		7A04E1F827C7E6DF0042F13F /* Debug */ = {
			isa = XCBuildConfiguration;
			buildSettings = {
				ASSETCATALOG_COMPILER_APPICON_NAME = AppIcon;
				ASSETCATALOG_COMPILER_GLOBAL_ACCENT_COLOR_NAME = AccentColor;
				CODE_SIGN_STYLE = Automatic;
				CURRENT_PROJECT_VERSION = 1;
				DEVELOPMENT_ASSET_PATHS = "\"WhatToWear Project Group 7/Preview Content\"";
				ENABLE_PREVIEWS = YES;
				GENERATE_INFOPLIST_FILE = YES;
				INFOPLIST_KEY_UIApplicationSceneManifest_Generation = YES;
				INFOPLIST_KEY_UIApplicationSupportsIndirectInputEvents = YES;
				INFOPLIST_KEY_UILaunchScreen_Generation = YES;
				INFOPLIST_KEY_UISupportedInterfaceOrientations = "";
				INFOPLIST_KEY_UISupportedInterfaceOrientations_iPad = "UIInterfaceOrientationPortrait UIInterfaceOrientationPortraitUpsideDown UIInterfaceOrientationLandscapeLeft UIInterfaceOrientationLandscapeRight";
				INFOPLIST_KEY_UISupportedInterfaceOrientations_iPhone = "UIInterfaceOrientationPortrait UIInterfaceOrientationLandscapeLeft UIInterfaceOrientationLandscapeRight";
				LD_RUNPATH_SEARCH_PATHS = (
					"$(inherited)",
					"@executable_path/Frameworks",
				);
				MARKETING_VERSION = 1.0;
				PRODUCT_BUNDLE_IDENTIFIER = "https---github.com-CSUF-CPSC223W-2022S-project-group-7.WhatToWear-Project-Group-7";
				PRODUCT_NAME = "$(TARGET_NAME)";
				SWIFT_EMIT_LOC_STRINGS = YES;
				SWIFT_VERSION = 5.0;
				TARGETED_DEVICE_FAMILY = "1,2";
			};
			name = Debug;
		};
		7A04E1F927C7E6DF0042F13F /* Release */ = {
			isa = XCBuildConfiguration;
			buildSettings = {
				ASSETCATALOG_COMPILER_APPICON_NAME = AppIcon;
				ASSETCATALOG_COMPILER_GLOBAL_ACCENT_COLOR_NAME = AccentColor;
				CODE_SIGN_STYLE = Automatic;
				CURRENT_PROJECT_VERSION = 1;
				DEVELOPMENT_ASSET_PATHS = "\"WhatToWear Project Group 7/Preview Content\"";
				ENABLE_PREVIEWS = YES;
				GENERATE_INFOPLIST_FILE = YES;
				INFOPLIST_KEY_UIApplicationSceneManifest_Generation = YES;
				INFOPLIST_KEY_UIApplicationSupportsIndirectInputEvents = YES;
				INFOPLIST_KEY_UILaunchScreen_Generation = YES;
				INFOPLIST_KEY_UISupportedInterfaceOrientations = "";
				INFOPLIST_KEY_UISupportedInterfaceOrientations_iPad = "UIInterfaceOrientationPortrait UIInterfaceOrientationPortraitUpsideDown UIInterfaceOrientationLandscapeLeft UIInterfaceOrientationLandscapeRight";
				INFOPLIST_KEY_UISupportedInterfaceOrientations_iPhone = "UIInterfaceOrientationPortrait UIInterfaceOrientationLandscapeLeft UIInterfaceOrientationLandscapeRight";
				LD_RUNPATH_SEARCH_PATHS = (
					"$(inherited)",
					"@executable_path/Frameworks",
				);
				MARKETING_VERSION = 1.0;
				PRODUCT_BUNDLE_IDENTIFIER = "https---github.com-CSUF-CPSC223W-2022S-project-group-7.WhatToWear-Project-Group-7";
				PRODUCT_NAME = "$(TARGET_NAME)";
				SWIFT_EMIT_LOC_STRINGS = YES;
				SWIFT_VERSION = 5.0;
				TARGETED_DEVICE_FAMILY = "1,2";
			};
			name = Release;
		};
		7A04E1FB27C7E6DF0042F13F /* Debug */ = {
			isa = XCBuildConfiguration;
			buildSettings = {
				ALWAYS_EMBED_SWIFT_STANDARD_LIBRARIES = YES;
				BUNDLE_LOADER = "$(TEST_HOST)";
				CODE_SIGN_STYLE = Automatic;
				CURRENT_PROJECT_VERSION = 1;
				GENERATE_INFOPLIST_FILE = YES;
				IPHONEOS_DEPLOYMENT_TARGET = 15.2;
				MARKETING_VERSION = 1.0;
				PRODUCT_BUNDLE_IDENTIFIER = "https---github.com-CSUF-CPSC223W-2022S-project-group-7.WhatToWear-Project-Group-7Tests";
				PRODUCT_NAME = "$(TARGET_NAME)";
				SWIFT_EMIT_LOC_STRINGS = NO;
				SWIFT_VERSION = 5.0;
				TARGETED_DEVICE_FAMILY = "1,2";
				TEST_HOST = "$(BUILT_PRODUCTS_DIR)/WhatToWear Project Group 7.app/WhatToWear Project Group 7";
			};
			name = Debug;
		};
		7A04E1FC27C7E6DF0042F13F /* Release */ = {
			isa = XCBuildConfiguration;
			buildSettings = {
				ALWAYS_EMBED_SWIFT_STANDARD_LIBRARIES = YES;
				BUNDLE_LOADER = "$(TEST_HOST)";
				CODE_SIGN_STYLE = Automatic;
				CURRENT_PROJECT_VERSION = 1;
				GENERATE_INFOPLIST_FILE = YES;
				IPHONEOS_DEPLOYMENT_TARGET = 15.2;
				MARKETING_VERSION = 1.0;
				PRODUCT_BUNDLE_IDENTIFIER = "https---github.com-CSUF-CPSC223W-2022S-project-group-7.WhatToWear-Project-Group-7Tests";
				PRODUCT_NAME = "$(TARGET_NAME)";
				SWIFT_EMIT_LOC_STRINGS = NO;
				SWIFT_VERSION = 5.0;
				TARGETED_DEVICE_FAMILY = "1,2";
				TEST_HOST = "$(BUILT_PRODUCTS_DIR)/WhatToWear Project Group 7.app/WhatToWear Project Group 7";
			};
			name = Release;
		};
		7A04E1FE27C7E6DF0042F13F /* Debug */ = {
			isa = XCBuildConfiguration;
			buildSettings = {
				ALWAYS_EMBED_SWIFT_STANDARD_LIBRARIES = YES;
				CODE_SIGN_STYLE = Automatic;
				CURRENT_PROJECT_VERSION = 1;
				GENERATE_INFOPLIST_FILE = YES;
				MARKETING_VERSION = 1.0;
				PRODUCT_BUNDLE_IDENTIFIER = "https---github.com-CSUF-CPSC223W-2022S-project-group-7.WhatToWear-Project-Group-7UITests";
				PRODUCT_NAME = "$(TARGET_NAME)";
				SWIFT_EMIT_LOC_STRINGS = NO;
				SWIFT_VERSION = 5.0;
				TARGETED_DEVICE_FAMILY = "1,2";
				TEST_TARGET_NAME = "WhatToWear Project Group 7";
			};
			name = Debug;
		};
		7A04E1FF27C7E6DF0042F13F /* Release */ = {
			isa = XCBuildConfiguration;
			buildSettings = {
				ALWAYS_EMBED_SWIFT_STANDARD_LIBRARIES = YES;
				CODE_SIGN_STYLE = Automatic;
				CURRENT_PROJECT_VERSION = 1;
				GENERATE_INFOPLIST_FILE = YES;
				MARKETING_VERSION = 1.0;
				PRODUCT_BUNDLE_IDENTIFIER = "https---github.com-CSUF-CPSC223W-2022S-project-group-7.WhatToWear-Project-Group-7UITests";
				PRODUCT_NAME = "$(TARGET_NAME)";
				SWIFT_EMIT_LOC_STRINGS = NO;
				SWIFT_VERSION = 5.0;
				TARGETED_DEVICE_FAMILY = "1,2";
				TEST_TARGET_NAME = "WhatToWear Project Group 7";
			};
			name = Release;
		};
/* End XCBuildConfiguration section */

/* Begin XCConfigurationList section */
		7A04E1CE27C7E6D60042F13F /* Build configuration list for PBXProject "WhatToWear Project Group 7" */ = {
			isa = XCConfigurationList;
			buildConfigurations = (
				7A04E1F527C7E6DF0042F13F /* Debug */,
				7A04E1F627C7E6DF0042F13F /* Release */,
			);
			defaultConfigurationIsVisible = 0;
			defaultConfigurationName = Release;
		};
		7A04E1F727C7E6DF0042F13F /* Build configuration list for PBXNativeTarget "WhatToWear Project Group 7" */ = {
			isa = XCConfigurationList;
			buildConfigurations = (
				7A04E1F827C7E6DF0042F13F /* Debug */,
				7A04E1F927C7E6DF0042F13F /* Release */,
			);
			defaultConfigurationIsVisible = 0;
			defaultConfigurationName = Release;
		};
		7A04E1FA27C7E6DF0042F13F /* Build configuration list for PBXNativeTarget "WhatToWear Project Group 7Tests" */ = {
			isa = XCConfigurationList;
			buildConfigurations = (
				7A04E1FB27C7E6DF0042F13F /* Debug */,
				7A04E1FC27C7E6DF0042F13F /* Release */,
			);
			defaultConfigurationIsVisible = 0;
			defaultConfigurationName = Release;
		};
		7A04E1FD27C7E6DF0042F13F /* Build configuration list for PBXNativeTarget "WhatToWear Project Group 7UITests" */ = {
			isa = XCConfigurationList;
			buildConfigurations = (
				7A04E1FE27C7E6DF0042F13F /* Debug */,
				7A04E1FF27C7E6DF0042F13F /* Release */,
			);
			defaultConfigurationIsVisible = 0;
			defaultConfigurationName = Release;
		};
/* End XCConfigurationList section */
	};
	rootObject = 7A04E1CB27C7E6D60042F13F /* Project object */;
}
