// !$*UTF8*$!
{
	archiveVersion = 1;
	classes = {
	};
	objectVersion = 55;
	objects = {

/* Begin PBXBuildFile section */
		7A0C0A4D27FF44C2004A7EBE /* AppDelegate.swift in Sources */ = {isa = PBXBuildFile; fileRef = 7A0C0A4C27FF44C2004A7EBE /* AppDelegate.swift */; };
		7A0C0A4F27FF44C2004A7EBE /* SceneDelegate.swift in Sources */ = {isa = PBXBuildFile; fileRef = 7A0C0A4E27FF44C2004A7EBE /* SceneDelegate.swift */; };
		7A0C0A5127FF44C2004A7EBE /* ViewController.swift in Sources */ = {isa = PBXBuildFile; fileRef = 7A0C0A5027FF44C2004A7EBE /* ViewController.swift */; };
		7A0C0A5427FF44C2004A7EBE /* Main.storyboard in Resources */ = {isa = PBXBuildFile; fileRef = 7A0C0A5227FF44C2004A7EBE /* Main.storyboard */; };
		7A0C0A5627FF44C5004A7EBE /* Assets.xcassets in Resources */ = {isa = PBXBuildFile; fileRef = 7A0C0A5527FF44C5004A7EBE /* Assets.xcassets */; };
		7A0C0A5927FF44C5004A7EBE /* LaunchScreen.storyboard in Resources */ = {isa = PBXBuildFile; fileRef = 7A0C0A5727FF44C5004A7EBE /* LaunchScreen.storyboard */; };
		7A0C0A6427FF44C5004A7EBE /* Project_7_v2Tests.swift in Sources */ = {isa = PBXBuildFile; fileRef = 7A0C0A6327FF44C5004A7EBE /* Project_7_v2Tests.swift */; };
		7A0C0A6E27FF44C5004A7EBE /* Project_7_v2UITests.swift in Sources */ = {isa = PBXBuildFile; fileRef = 7A0C0A6D27FF44C5004A7EBE /* Project_7_v2UITests.swift */; };
		7A0C0A7027FF44C5004A7EBE /* Project_7_v2UITestsLaunchTests.swift in Sources */ = {isa = PBXBuildFile; fileRef = 7A0C0A6F27FF44C5004A7EBE /* Project_7_v2UITestsLaunchTests.swift */; };
		7A0C0A7D27FF506B004A7EBE /* weather_feature.swift in Sources */ = {isa = PBXBuildFile; fileRef = 7A0C0A7C27FF506B004A7EBE /* weather_feature.swift */; };
/* End PBXBuildFile section */

/* Begin PBXContainerItemProxy section */
		7A0C0A6027FF44C5004A7EBE /* PBXContainerItemProxy */ = {
			isa = PBXContainerItemProxy;
			containerPortal = 7A0C0A4127FF44C2004A7EBE /* Project object */;
			proxyType = 1;
			remoteGlobalIDString = 7A0C0A4827FF44C2004A7EBE;
			remoteInfo = "Project 7 v2";
		};
		7A0C0A6A27FF44C5004A7EBE /* PBXContainerItemProxy */ = {
			isa = PBXContainerItemProxy;
			containerPortal = 7A0C0A4127FF44C2004A7EBE /* Project object */;
			proxyType = 1;
			remoteGlobalIDString = 7A0C0A4827FF44C2004A7EBE;
			remoteInfo = "Project 7 v2";
		};
/* End PBXContainerItemProxy section */

/* Begin PBXFileReference section */
		7A0C0A4927FF44C2004A7EBE /* Project 7 v2.app */ = {isa = PBXFileReference; explicitFileType = wrapper.application; includeInIndex = 0; path = "Project 7 v2.app"; sourceTree = BUILT_PRODUCTS_DIR; };
		7A0C0A4C27FF44C2004A7EBE /* AppDelegate.swift */ = {isa = PBXFileReference; lastKnownFileType = sourcecode.swift; path = AppDelegate.swift; sourceTree = "<group>"; };
		7A0C0A4E27FF44C2004A7EBE /* SceneDelegate.swift */ = {isa = PBXFileReference; lastKnownFileType = sourcecode.swift; path = SceneDelegate.swift; sourceTree = "<group>"; };
		7A0C0A5027FF44C2004A7EBE /* ViewController.swift */ = {isa = PBXFileReference; lastKnownFileType = sourcecode.swift; path = ViewController.swift; sourceTree = "<group>"; };
		7A0C0A5327FF44C2004A7EBE /* Base */ = {isa = PBXFileReference; lastKnownFileType = file.storyboard; name = Base; path = Base.lproj/Main.storyboard; sourceTree = "<group>"; };
		7A0C0A5527FF44C5004A7EBE /* Assets.xcassets */ = {isa = PBXFileReference; lastKnownFileType = folder.assetcatalog; path = Assets.xcassets; sourceTree = "<group>"; };
		7A0C0A5827FF44C5004A7EBE /* Base */ = {isa = PBXFileReference; lastKnownFileType = file.storyboard; name = Base; path = Base.lproj/LaunchScreen.storyboard; sourceTree = "<group>"; };
		7A0C0A5A27FF44C5004A7EBE /* Info.plist */ = {isa = PBXFileReference; lastKnownFileType = text.plist.xml; path = Info.plist; sourceTree = "<group>"; };
		7A0C0A5F27FF44C5004A7EBE /* Project 7 v2Tests.xctest */ = {isa = PBXFileReference; explicitFileType = wrapper.cfbundle; includeInIndex = 0; path = "Project 7 v2Tests.xctest"; sourceTree = BUILT_PRODUCTS_DIR; };
		7A0C0A6327FF44C5004A7EBE /* Project_7_v2Tests.swift */ = {isa = PBXFileReference; lastKnownFileType = sourcecode.swift; path = Project_7_v2Tests.swift; sourceTree = "<group>"; };
		7A0C0A6927FF44C5004A7EBE /* Project 7 v2UITests.xctest */ = {isa = PBXFileReference; explicitFileType = wrapper.cfbundle; includeInIndex = 0; path = "Project 7 v2UITests.xctest"; sourceTree = BUILT_PRODUCTS_DIR; };
		7A0C0A6D27FF44C5004A7EBE /* Project_7_v2UITests.swift */ = {isa = PBXFileReference; lastKnownFileType = sourcecode.swift; path = Project_7_v2UITests.swift; sourceTree = "<group>"; };
		7A0C0A6F27FF44C5004A7EBE /* Project_7_v2UITestsLaunchTests.swift */ = {isa = PBXFileReference; lastKnownFileType = sourcecode.swift; path = Project_7_v2UITestsLaunchTests.swift; sourceTree = "<group>"; };
		7A0C0A7C27FF506B004A7EBE /* weather_feature.swift */ = {isa = PBXFileReference; lastKnownFileType = sourcecode.swift; path = weather_feature.swift; sourceTree = "<group>"; };
/* End PBXFileReference section */

/* Begin PBXFrameworksBuildPhase section */
		7A0C0A4627FF44C2004A7EBE /* Frameworks */ = {
			isa = PBXFrameworksBuildPhase;
			buildActionMask = 2147483647;
			files = (
			);
			runOnlyForDeploymentPostprocessing = 0;
		};
		7A0C0A5C27FF44C5004A7EBE /* Frameworks */ = {
			isa = PBXFrameworksBuildPhase;
			buildActionMask = 2147483647;
			files = (
			);
			runOnlyForDeploymentPostprocessing = 0;
		};
		7A0C0A6627FF44C5004A7EBE /* Frameworks */ = {
			isa = PBXFrameworksBuildPhase;
			buildActionMask = 2147483647;
			files = (
			);
			runOnlyForDeploymentPostprocessing = 0;
		};
/* End PBXFrameworksBuildPhase section */

/* Begin PBXGroup section */
		7A0C0A4027FF44C2004A7EBE = {
			isa = PBXGroup;
			children = (
				7A0C0A4B27FF44C2004A7EBE /* Project 7 v2 */,
				7A0C0A6227FF44C5004A7EBE /* Project 7 v2Tests */,
				7A0C0A6C27FF44C5004A7EBE /* Project 7 v2UITests */,
				7A0C0A4A27FF44C2004A7EBE /* Products */,
			);
			sourceTree = "<group>";
		};
		7A0C0A4A27FF44C2004A7EBE /* Products */ = {
			isa = PBXGroup;
			children = (
				7A0C0A4927FF44C2004A7EBE /* Project 7 v2.app */,
				7A0C0A5F27FF44C5004A7EBE /* Project 7 v2Tests.xctest */,
				7A0C0A6927FF44C5004A7EBE /* Project 7 v2UITests.xctest */,
			);
			name = Products;
			sourceTree = "<group>";
		};
		7A0C0A4B27FF44C2004A7EBE /* Project 7 v2 */ = {
			isa = PBXGroup;
			children = (
				7A0C0A4C27FF44C2004A7EBE /* AppDelegate.swift */,
				7A0C0A4E27FF44C2004A7EBE /* SceneDelegate.swift */,
				7A0C0A5027FF44C2004A7EBE /* ViewController.swift */,
				7A0C0A7C27FF506B004A7EBE /* weather_feature.swift */,
				7A0C0A5227FF44C2004A7EBE /* Main.storyboard */,
				7A0C0A5527FF44C5004A7EBE /* Assets.xcassets */,
				7A0C0A5727FF44C5004A7EBE /* LaunchScreen.storyboard */,
				7A0C0A5A27FF44C5004A7EBE /* Info.plist */,
			);
			path = "Project 7 v2";
			sourceTree = "<group>";
		};
		7A0C0A6227FF44C5004A7EBE /* Project 7 v2Tests */ = {
			isa = PBXGroup;
			children = (
				7A0C0A6327FF44C5004A7EBE /* Project_7_v2Tests.swift */,
			);
			path = "Project 7 v2Tests";
			sourceTree = "<group>";
		};
		7A0C0A6C27FF44C5004A7EBE /* Project 7 v2UITests */ = {
			isa = PBXGroup;
			children = (
				7A0C0A6D27FF44C5004A7EBE /* Project_7_v2UITests.swift */,
				7A0C0A6F27FF44C5004A7EBE /* Project_7_v2UITestsLaunchTests.swift */,
			);
			path = "Project 7 v2UITests";
			sourceTree = "<group>";
		};
/* End PBXGroup section */

/* Begin PBXNativeTarget section */
		7A0C0A4827FF44C2004A7EBE /* Project 7 v2 */ = {
			isa = PBXNativeTarget;
			buildConfigurationList = 7A0C0A7327FF44C5004A7EBE /* Build configuration list for PBXNativeTarget "Project 7 v2" */;
			buildPhases = (
				7A0C0A4527FF44C2004A7EBE /* Sources */,
				7A0C0A4627FF44C2004A7EBE /* Frameworks */,
				7A0C0A4727FF44C2004A7EBE /* Resources */,
			);
			buildRules = (
			);
			dependencies = (
			);
			name = "Project 7 v2";
			productName = "Project 7 v2";
			productReference = 7A0C0A4927FF44C2004A7EBE /* Project 7 v2.app */;
			productType = "com.apple.product-type.application";
		};
		7A0C0A5E27FF44C5004A7EBE /* Project 7 v2Tests */ = {
			isa = PBXNativeTarget;
			buildConfigurationList = 7A0C0A7627FF44C5004A7EBE /* Build configuration list for PBXNativeTarget "Project 7 v2Tests" */;
			buildPhases = (
				7A0C0A5B27FF44C5004A7EBE /* Sources */,
				7A0C0A5C27FF44C5004A7EBE /* Frameworks */,
				7A0C0A5D27FF44C5004A7EBE /* Resources */,
			);
			buildRules = (
			);
			dependencies = (
				7A0C0A6127FF44C5004A7EBE /* PBXTargetDependency */,
			);
			name = "Project 7 v2Tests";
			productName = "Project 7 v2Tests";
			productReference = 7A0C0A5F27FF44C5004A7EBE /* Project 7 v2Tests.xctest */;
			productType = "com.apple.product-type.bundle.unit-test";
		};
		7A0C0A6827FF44C5004A7EBE /* Project 7 v2UITests */ = {
			isa = PBXNativeTarget;
			buildConfigurationList = 7A0C0A7927FF44C5004A7EBE /* Build configuration list for PBXNativeTarget "Project 7 v2UITests" */;
			buildPhases = (
				7A0C0A6527FF44C5004A7EBE /* Sources */,
				7A0C0A6627FF44C5004A7EBE /* Frameworks */,
				7A0C0A6727FF44C5004A7EBE /* Resources */,
			);
			buildRules = (
			);
			dependencies = (
				7A0C0A6B27FF44C5004A7EBE /* PBXTargetDependency */,
			);
			name = "Project 7 v2UITests";
			productName = "Project 7 v2UITests";
			productReference = 7A0C0A6927FF44C5004A7EBE /* Project 7 v2UITests.xctest */;
			productType = "com.apple.product-type.bundle.ui-testing";
		};
/* End PBXNativeTarget section */

/* Begin PBXProject section */
		7A0C0A4127FF44C2004A7EBE /* Project object */ = {
			isa = PBXProject;
			attributes = {
				BuildIndependentTargetsInParallel = 1;
				LastSwiftUpdateCheck = 1330;
				LastUpgradeCheck = 1330;
				TargetAttributes = {
					7A0C0A4827FF44C2004A7EBE = {
						CreatedOnToolsVersion = 13.3;
					};
					7A0C0A5E27FF44C5004A7EBE = {
						CreatedOnToolsVersion = 13.3;
						TestTargetID = 7A0C0A4827FF44C2004A7EBE;
					};
					7A0C0A6827FF44C5004A7EBE = {
						CreatedOnToolsVersion = 13.3;
						TestTargetID = 7A0C0A4827FF44C2004A7EBE;
					};
				};
			};
			buildConfigurationList = 7A0C0A4427FF44C2004A7EBE /* Build configuration list for PBXProject "Project 7 v2" */;
			compatibilityVersion = "Xcode 13.0";
			developmentRegion = en;
			hasScannedForEncodings = 0;
			knownRegions = (
				en,
				Base,
			);
			mainGroup = 7A0C0A4027FF44C2004A7EBE;
			productRefGroup = 7A0C0A4A27FF44C2004A7EBE /* Products */;
			projectDirPath = "";
			projectRoot = "";
			targets = (
				7A0C0A4827FF44C2004A7EBE /* Project 7 v2 */,
				7A0C0A5E27FF44C5004A7EBE /* Project 7 v2Tests */,
				7A0C0A6827FF44C5004A7EBE /* Project 7 v2UITests */,
			);
		};
/* End PBXProject section */

/* Begin PBXResourcesBuildPhase section */
		7A0C0A4727FF44C2004A7EBE /* Resources */ = {
			isa = PBXResourcesBuildPhase;
			buildActionMask = 2147483647;
			files = (
				7A0C0A5927FF44C5004A7EBE /* LaunchScreen.storyboard in Resources */,
				7A0C0A5627FF44C5004A7EBE /* Assets.xcassets in Resources */,
				7A0C0A5427FF44C2004A7EBE /* Main.storyboard in Resources */,
			);
			runOnlyForDeploymentPostprocessing = 0;
		};
		7A0C0A5D27FF44C5004A7EBE /* Resources */ = {
			isa = PBXResourcesBuildPhase;
			buildActionMask = 2147483647;
			files = (
			);
			runOnlyForDeploymentPostprocessing = 0;
		};
		7A0C0A6727FF44C5004A7EBE /* Resources */ = {
			isa = PBXResourcesBuildPhase;
			buildActionMask = 2147483647;
			files = (
			);
			runOnlyForDeploymentPostprocessing = 0;
		};
/* End PBXResourcesBuildPhase section */

/* Begin PBXSourcesBuildPhase section */
		7A0C0A4527FF44C2004A7EBE /* Sources */ = {
			isa = PBXSourcesBuildPhase;
			buildActionMask = 2147483647;
			files = (
				7A0C0A5127FF44C2004A7EBE /* ViewController.swift in Sources */,
				7A0C0A4D27FF44C2004A7EBE /* AppDelegate.swift in Sources */,
				7A0C0A4F27FF44C2004A7EBE /* SceneDelegate.swift in Sources */,
				7A0C0A7D27FF506B004A7EBE /* weather_feature.swift in Sources */,
			);
			runOnlyForDeploymentPostprocessing = 0;
		};
		7A0C0A5B27FF44C5004A7EBE /* Sources */ = {
			isa = PBXSourcesBuildPhase;
			buildActionMask = 2147483647;
			files = (
				7A0C0A6427FF44C5004A7EBE /* Project_7_v2Tests.swift in Sources */,
			);
			runOnlyForDeploymentPostprocessing = 0;
		};
		7A0C0A6527FF44C5004A7EBE /* Sources */ = {
			isa = PBXSourcesBuildPhase;
			buildActionMask = 2147483647;
			files = (
				7A0C0A7027FF44C5004A7EBE /* Project_7_v2UITestsLaunchTests.swift in Sources */,
				7A0C0A6E27FF44C5004A7EBE /* Project_7_v2UITests.swift in Sources */,
			);
			runOnlyForDeploymentPostprocessing = 0;
		};
/* End PBXSourcesBuildPhase section */

/* Begin PBXTargetDependency section */
		7A0C0A6127FF44C5004A7EBE /* PBXTargetDependency */ = {
			isa = PBXTargetDependency;
			target = 7A0C0A4827FF44C2004A7EBE /* Project 7 v2 */;
			targetProxy = 7A0C0A6027FF44C5004A7EBE /* PBXContainerItemProxy */;
		};
		7A0C0A6B27FF44C5004A7EBE /* PBXTargetDependency */ = {
			isa = PBXTargetDependency;
			target = 7A0C0A4827FF44C2004A7EBE /* Project 7 v2 */;
			targetProxy = 7A0C0A6A27FF44C5004A7EBE /* PBXContainerItemProxy */;
		};
/* End PBXTargetDependency section */

/* Begin PBXVariantGroup section */
		7A0C0A5227FF44C2004A7EBE /* Main.storyboard */ = {
			isa = PBXVariantGroup;
			children = (
				7A0C0A5327FF44C2004A7EBE /* Base */,
			);
			name = Main.storyboard;
			sourceTree = "<group>";
		};
		7A0C0A5727FF44C5004A7EBE /* LaunchScreen.storyboard */ = {
			isa = PBXVariantGroup;
			children = (
				7A0C0A5827FF44C5004A7EBE /* Base */,
			);
			name = LaunchScreen.storyboard;
			sourceTree = "<group>";
		};
/* End PBXVariantGroup section */

/* Begin XCBuildConfiguration section */
		7A0C0A7127FF44C5004A7EBE /* Debug */ = {
			isa = XCBuildConfiguration;
			buildSettings = {
				ALWAYS_SEARCH_USER_PATHS = NO;
				CLANG_ANALYZER_NONNULL = YES;
				CLANG_ANALYZER_NUMBER_OBJECT_CONVERSION = YES_AGGRESSIVE;
				CLANG_CXX_LANGUAGE_STANDARD = "gnu++17";
				CLANG_ENABLE_MODULES = YES;
				CLANG_ENABLE_OBJC_ARC = YES;
				CLANG_ENABLE_OBJC_WEAK = YES;
				CLANG_WARN_BLOCK_CAPTURE_AUTORELEASING = YES;
				CLANG_WARN_BOOL_CONVERSION = YES;
				CLANG_WARN_COMMA = YES;
				CLANG_WARN_CONSTANT_CONVERSION = YES;
				CLANG_WARN_DEPRECATED_OBJC_IMPLEMENTATIONS = YES;
				CLANG_WARN_DIRECT_OBJC_ISA_USAGE = YES_ERROR;
				CLANG_WARN_DOCUMENTATION_COMMENTS = YES;
				CLANG_WARN_EMPTY_BODY = YES;
				CLANG_WARN_ENUM_CONVERSION = YES;
				CLANG_WARN_INFINITE_RECURSION = YES;
				CLANG_WARN_INT_CONVERSION = YES;
				CLANG_WARN_NON_LITERAL_NULL_CONVERSION = YES;
				CLANG_WARN_OBJC_IMPLICIT_RETAIN_SELF = YES;
				CLANG_WARN_OBJC_LITERAL_CONVERSION = YES;
				CLANG_WARN_OBJC_ROOT_CLASS = YES_ERROR;
				CLANG_WARN_QUOTED_INCLUDE_IN_FRAMEWORK_HEADER = YES;
				CLANG_WARN_RANGE_LOOP_ANALYSIS = YES;
				CLANG_WARN_STRICT_PROTOTYPES = YES;
				CLANG_WARN_SUSPICIOUS_MOVE = YES;
				CLANG_WARN_UNGUARDED_AVAILABILITY = YES_AGGRESSIVE;
				CLANG_WARN_UNREACHABLE_CODE = YES;
				CLANG_WARN__DUPLICATE_METHOD_MATCH = YES;
				COPY_PHASE_STRIP = NO;
				DEBUG_INFORMATION_FORMAT = dwarf;
				ENABLE_STRICT_OBJC_MSGSEND = YES;
				ENABLE_TESTABILITY = YES;
				GCC_C_LANGUAGE_STANDARD = gnu11;
				GCC_DYNAMIC_NO_PIC = NO;
				GCC_NO_COMMON_BLOCKS = YES;
				GCC_OPTIMIZATION_LEVEL = 0;
				GCC_PREPROCESSOR_DEFINITIONS = (
					"DEBUG=1",
					"$(inherited)",
				);
				GCC_WARN_64_TO_32_BIT_CONVERSION = YES;
				GCC_WARN_ABOUT_RETURN_TYPE = YES_ERROR;
				GCC_WARN_UNDECLARED_SELECTOR = YES;
				GCC_WARN_UNINITIALIZED_AUTOS = YES_AGGRESSIVE;
				GCC_WARN_UNUSED_FUNCTION = YES;
				GCC_WARN_UNUSED_VARIABLE = YES;
				IPHONEOS_DEPLOYMENT_TARGET = 15.4;
				MTL_ENABLE_DEBUG_INFO = INCLUDE_SOURCE;
				MTL_FAST_MATH = YES;
				ONLY_ACTIVE_ARCH = YES;
				SDKROOT = iphoneos;
				SWIFT_ACTIVE_COMPILATION_CONDITIONS = DEBUG;
				SWIFT_OPTIMIZATION_LEVEL = "-Onone";
			};
			name = Debug;
		};
		7A0C0A7227FF44C5004A7EBE /* Release */ = {
			isa = XCBuildConfiguration;
			buildSettings = {
				ALWAYS_SEARCH_USER_PATHS = NO;
				CLANG_ANALYZER_NONNULL = YES;
				CLANG_ANALYZER_NUMBER_OBJECT_CONVERSION = YES_AGGRESSIVE;
				CLANG_CXX_LANGUAGE_STANDARD = "gnu++17";
				CLANG_ENABLE_MODULES = YES;
				CLANG_ENABLE_OBJC_ARC = YES;
				CLANG_ENABLE_OBJC_WEAK = YES;
				CLANG_WARN_BLOCK_CAPTURE_AUTORELEASING = YES;
				CLANG_WARN_BOOL_CONVERSION = YES;
				CLANG_WARN_COMMA = YES;
				CLANG_WARN_CONSTANT_CONVERSION = YES;
				CLANG_WARN_DEPRECATED_OBJC_IMPLEMENTATIONS = YES;
				CLANG_WARN_DIRECT_OBJC_ISA_USAGE = YES_ERROR;
				CLANG_WARN_DOCUMENTATION_COMMENTS = YES;
				CLANG_WARN_EMPTY_BODY = YES;
				CLANG_WARN_ENUM_CONVERSION = YES;
				CLANG_WARN_INFINITE_RECURSION = YES;
				CLANG_WARN_INT_CONVERSION = YES;
				CLANG_WARN_NON_LITERAL_NULL_CONVERSION = YES;
				CLANG_WARN_OBJC_IMPLICIT_RETAIN_SELF = YES;
				CLANG_WARN_OBJC_LITERAL_CONVERSION = YES;
				CLANG_WARN_OBJC_ROOT_CLASS = YES_ERROR;
				CLANG_WARN_QUOTED_INCLUDE_IN_FRAMEWORK_HEADER = YES;
				CLANG_WARN_RANGE_LOOP_ANALYSIS = YES;
				CLANG_WARN_STRICT_PROTOTYPES = YES;
				CLANG_WARN_SUSPICIOUS_MOVE = YES;
				CLANG_WARN_UNGUARDED_AVAILABILITY = YES_AGGRESSIVE;
				CLANG_WARN_UNREACHABLE_CODE = YES;
				CLANG_WARN__DUPLICATE_METHOD_MATCH = YES;
				COPY_PHASE_STRIP = NO;
				DEBUG_INFORMATION_FORMAT = "dwarf-with-dsym";
				ENABLE_NS_ASSERTIONS = NO;
				ENABLE_STRICT_OBJC_MSGSEND = YES;
				GCC_C_LANGUAGE_STANDARD = gnu11;
				GCC_NO_COMMON_BLOCKS = YES;
				GCC_WARN_64_TO_32_BIT_CONVERSION = YES;
				GCC_WARN_ABOUT_RETURN_TYPE = YES_ERROR;
				GCC_WARN_UNDECLARED_SELECTOR = YES;
				GCC_WARN_UNINITIALIZED_AUTOS = YES_AGGRESSIVE;
				GCC_WARN_UNUSED_FUNCTION = YES;
				GCC_WARN_UNUSED_VARIABLE = YES;
				IPHONEOS_DEPLOYMENT_TARGET = 15.4;
				MTL_ENABLE_DEBUG_INFO = NO;
				MTL_FAST_MATH = YES;
				SDKROOT = iphoneos;
				SWIFT_COMPILATION_MODE = wholemodule;
				SWIFT_OPTIMIZATION_LEVEL = "-O";
				VALIDATE_PRODUCT = YES;
			};
			name = Release;
		};
		7A0C0A7427FF44C5004A7EBE /* Debug */ = {
			isa = XCBuildConfiguration;
			buildSettings = {
				ASSETCATALOG_COMPILER_APPICON_NAME = AppIcon;
				ASSETCATALOG_COMPILER_GLOBAL_ACCENT_COLOR_NAME = AccentColor;
				CODE_SIGN_STYLE = Automatic;
				CURRENT_PROJECT_VERSION = 1;
				DEVELOPMENT_TEAM = 538PY4N6GX;
				GENERATE_INFOPLIST_FILE = YES;
				INFOPLIST_FILE = "Project 7 v2/Info.plist";
				INFOPLIST_KEY_UIApplicationSupportsIndirectInputEvents = YES;
				INFOPLIST_KEY_UILaunchStoryboardName = LaunchScreen;
				INFOPLIST_KEY_UIMainStoryboardFile = Main;
				INFOPLIST_KEY_UISupportedInterfaceOrientations_iPad = "UIInterfaceOrientationPortrait UIInterfaceOrientationPortraitUpsideDown UIInterfaceOrientationLandscapeLeft UIInterfaceOrientationLandscapeRight";
				INFOPLIST_KEY_UISupportedInterfaceOrientations_iPhone = "UIInterfaceOrientationPortrait UIInterfaceOrientationLandscapeLeft UIInterfaceOrientationLandscapeRight";
				LD_RUNPATH_SEARCH_PATHS = (
					"$(inherited)",
					"@executable_path/Frameworks",
				);
				MARKETING_VERSION = 1.0;
				PRODUCT_BUNDLE_IDENTIFIER = "Group-7.Project-7-v2";
				PRODUCT_NAME = "$(TARGET_NAME)";
				SWIFT_EMIT_LOC_STRINGS = YES;
				SWIFT_VERSION = 5.0;
				TARGETED_DEVICE_FAMILY = "1,2";
			};
			name = Debug;
		};
		7A0C0A7527FF44C5004A7EBE /* Release */ = {
			isa = XCBuildConfiguration;
			buildSettings = {
				ASSETCATALOG_COMPILER_APPICON_NAME = AppIcon;
				ASSETCATALOG_COMPILER_GLOBAL_ACCENT_COLOR_NAME = AccentColor;
				CODE_SIGN_STYLE = Automatic;
				CURRENT_PROJECT_VERSION = 1;
				DEVELOPMENT_TEAM = 538PY4N6GX;
				GENERATE_INFOPLIST_FILE = YES;
				INFOPLIST_FILE = "Project 7 v2/Info.plist";
				INFOPLIST_KEY_UIApplicationSupportsIndirectInputEvents = YES;
				INFOPLIST_KEY_UILaunchStoryboardName = LaunchScreen;
				INFOPLIST_KEY_UIMainStoryboardFile = Main;
				INFOPLIST_KEY_UISupportedInterfaceOrientations_iPad = "UIInterfaceOrientationPortrait UIInterfaceOrientationPortraitUpsideDown UIInterfaceOrientationLandscapeLeft UIInterfaceOrientationLandscapeRight";
				INFOPLIST_KEY_UISupportedInterfaceOrientations_iPhone = "UIInterfaceOrientationPortrait UIInterfaceOrientationLandscapeLeft UIInterfaceOrientationLandscapeRight";
				LD_RUNPATH_SEARCH_PATHS = (
					"$(inherited)",
					"@executable_path/Frameworks",
				);
				MARKETING_VERSION = 1.0;
				PRODUCT_BUNDLE_IDENTIFIER = "Group-7.Project-7-v2";
				PRODUCT_NAME = "$(TARGET_NAME)";
				SWIFT_EMIT_LOC_STRINGS = YES;
				SWIFT_VERSION = 5.0;
				TARGETED_DEVICE_FAMILY = "1,2";
			};
			name = Release;
		};
		7A0C0A7727FF44C5004A7EBE /* Debug */ = {
			isa = XCBuildConfiguration;
			buildSettings = {
				ALWAYS_EMBED_SWIFT_STANDARD_LIBRARIES = YES;
				BUNDLE_LOADER = "$(TEST_HOST)";
				CODE_SIGN_STYLE = Automatic;
				CURRENT_PROJECT_VERSION = 1;
				DEVELOPMENT_TEAM = 538PY4N6GX;
				GENERATE_INFOPLIST_FILE = YES;
				IPHONEOS_DEPLOYMENT_TARGET = 15.4;
				MARKETING_VERSION = 1.0;
				PRODUCT_BUNDLE_IDENTIFIER = "Group-7.Project-7-v2Tests";
				PRODUCT_NAME = "$(TARGET_NAME)";
				SWIFT_EMIT_LOC_STRINGS = NO;
				SWIFT_VERSION = 5.0;
				TARGETED_DEVICE_FAMILY = "1,2";
				TEST_HOST = "$(BUILT_PRODUCTS_DIR)/Project 7 v2.app/Project 7 v2";
			};
			name = Debug;
		};
		7A0C0A7827FF44C5004A7EBE /* Release */ = {
			isa = XCBuildConfiguration;
			buildSettings = {
				ALWAYS_EMBED_SWIFT_STANDARD_LIBRARIES = YES;
				BUNDLE_LOADER = "$(TEST_HOST)";
				CODE_SIGN_STYLE = Automatic;
				CURRENT_PROJECT_VERSION = 1;
				DEVELOPMENT_TEAM = 538PY4N6GX;
				GENERATE_INFOPLIST_FILE = YES;
				IPHONEOS_DEPLOYMENT_TARGET = 15.4;
				MARKETING_VERSION = 1.0;
				PRODUCT_BUNDLE_IDENTIFIER = "Group-7.Project-7-v2Tests";
				PRODUCT_NAME = "$(TARGET_NAME)";
				SWIFT_EMIT_LOC_STRINGS = NO;
				SWIFT_VERSION = 5.0;
				TARGETED_DEVICE_FAMILY = "1,2";
				TEST_HOST = "$(BUILT_PRODUCTS_DIR)/Project 7 v2.app/Project 7 v2";
			};
			name = Release;
		};
		7A0C0A7A27FF44C5004A7EBE /* Debug */ = {
			isa = XCBuildConfiguration;
			buildSettings = {
				ALWAYS_EMBED_SWIFT_STANDARD_LIBRARIES = YES;
				CODE_SIGN_STYLE = Automatic;
				CURRENT_PROJECT_VERSION = 1;
				DEVELOPMENT_TEAM = 538PY4N6GX;
				GENERATE_INFOPLIST_FILE = YES;
				MARKETING_VERSION = 1.0;
				PRODUCT_BUNDLE_IDENTIFIER = "Group-7.Project-7-v2UITests";
				PRODUCT_NAME = "$(TARGET_NAME)";
				SWIFT_EMIT_LOC_STRINGS = NO;
				SWIFT_VERSION = 5.0;
				TARGETED_DEVICE_FAMILY = "1,2";
				TEST_TARGET_NAME = "Project 7 v2";
			};
			name = Debug;
		};
		7A0C0A7B27FF44C5004A7EBE /* Release */ = {
			isa = XCBuildConfiguration;
			buildSettings = {
				ALWAYS_EMBED_SWIFT_STANDARD_LIBRARIES = YES;
				CODE_SIGN_STYLE = Automatic;
				CURRENT_PROJECT_VERSION = 1;
				DEVELOPMENT_TEAM = 538PY4N6GX;
				GENERATE_INFOPLIST_FILE = YES;
				MARKETING_VERSION = 1.0;
				PRODUCT_BUNDLE_IDENTIFIER = "Group-7.Project-7-v2UITests";
				PRODUCT_NAME = "$(TARGET_NAME)";
				SWIFT_EMIT_LOC_STRINGS = NO;
				SWIFT_VERSION = 5.0;
				TARGETED_DEVICE_FAMILY = "1,2";
				TEST_TARGET_NAME = "Project 7 v2";
			};
			name = Release;
		};
/* End XCBuildConfiguration section */

/* Begin XCConfigurationList section */
		7A0C0A4427FF44C2004A7EBE /* Build configuration list for PBXProject "Project 7 v2" */ = {
			isa = XCConfigurationList;
			buildConfigurations = (
				7A0C0A7127FF44C5004A7EBE /* Debug */,
				7A0C0A7227FF44C5004A7EBE /* Release */,
			);
			defaultConfigurationIsVisible = 0;
			defaultConfigurationName = Release;
		};
		7A0C0A7327FF44C5004A7EBE /* Build configuration list for PBXNativeTarget "Project 7 v2" */ = {
			isa = XCConfigurationList;
			buildConfigurations = (
				7A0C0A7427FF44C5004A7EBE /* Debug */,
				7A0C0A7527FF44C5004A7EBE /* Release */,
			);
			defaultConfigurationIsVisible = 0;
			defaultConfigurationName = Release;
		};
		7A0C0A7627FF44C5004A7EBE /* Build configuration list for PBXNativeTarget "Project 7 v2Tests" */ = {
			isa = XCConfigurationList;
			buildConfigurations = (
				7A0C0A7727FF44C5004A7EBE /* Debug */,
				7A0C0A7827FF44C5004A7EBE /* Release */,
			);
			defaultConfigurationIsVisible = 0;
			defaultConfigurationName = Release;
		};
		7A0C0A7927FF44C5004A7EBE /* Build configuration list for PBXNativeTarget "Project 7 v2UITests" */ = {
			isa = XCConfigurationList;
			buildConfigurations = (
				7A0C0A7A27FF44C5004A7EBE /* Debug */,
				7A0C0A7B27FF44C5004A7EBE /* Release */,
			);
			defaultConfigurationIsVisible = 0;
			defaultConfigurationName = Release;
		};
/* End XCConfigurationList section */
	};
	rootObject = 7A0C0A4127FF44C2004A7EBE /* Project object */;
}
